# THIS IS AN AUTOGENERATED FILE. DO NOT EDIT THIS FILE DIRECTLY.
# yarn lockfile v1


"@types/node@^14.17.4":
  "integrity" "sha512-CMjgRNsks27IDwI785YMY0KLt3co/c0cQ5foxHYv/shC2w8oOnVwz5Ubq1QG5KzrcW+AXk6gzdnxIkDnTvzu3g=="
  "resolved" "https://registry.npmjs.org/@types/node/-/node-14.17.9.tgz"
  "version" "14.17.9"

"dom-parser@^0.1.6":
  "integrity" "sha512-3nVRKbLEwmGfghLoeT1dxlK/0votalnOfasP+8VCHYDfDuCETY4LeMblfOeqww6XZk2ymZ1Uewy/hVad6Dy3yw=="
  "resolved" "https://registry.npmjs.org/dom-parser/-/dom-parser-0.1.6.tgz"
  "version" "0.1.6"

"node-addon-api@^3.1.0":
  "integrity" "sha512-mmcei9JghVNDYydghQmeDX8KoAm0FAiYyIcUt/N4nhyAipB17pllZQDOJD2fotxABnt4Mdz+dKTO7eftLg4d0A=="
  "resolved" "https://registry.npmjs.org/node-addon-api/-/node-addon-api-3.2.1.tgz"
  "version" "3.2.1"
