
Microsoft Visual Studio Solution File, Format Version 12.00
# Automatically generated file, see build-project-files.py
# Visual Studio Version 16
VisualStudioVersion = 16.0.29020.237
MinimumVisualStudioVersion = 10.0.40219.1
Project("{8BC9CEB8-8B4A-11D0-8D11-00A0C91BC942}") = "config", "config.vcxproj", "{C932660E-56D0-40FD-9A90-0123456789AB}"
EndProject
Project("{8BC9CEB8-8B4A-11D0-8D11-00A0C91BC942}") = "utests-tsduckdll", "utests-tsduckdll.vcxproj", "{A5E2A70F-CA57-460C-9BE0-473BD61DF467}"
	ProjectSection(ProjectDependencies) = postProject
		{1AD31049-26B0-4922-89CF-778040DFC51E} = {1AD31049-26B0-4922-89CF-778040DFC51E}
		{0043061D-D4FF-0256-B1D5-E205DF2CC561} = {0043061D-D4FF-0256-B1D5-E205DF2CC561}
	EndProjectSection
EndProject
Project("{8BC9CEB8-8B4A-11D0-8D11-00A0C91BC942}") = "utests-tsducklib", "utests-tsducklib.vcxproj", "{2FFD7D6C-F3BF-4ED6-8593-20AC70A83AC1}"
	ProjectSection(ProjectDependencies) = postProject
		{25A6CE1B-83F7-4859-A1EA-B7A8EAFFD2C6} = {25A6CE1B-83F7-4859-A1EA-B7A8EAFFD2C6}
	EndProjectSection
EndProject
Project("{8BC9CEB8-8B4A-11D0-8D11-00A0C91BC942}") = "tscoredll", "tscoredll.vcxproj", "{85E0B445-B6EC-40D6-BB68-FC98ED17236D}"
	ProjectSection(ProjectDependencies) = postProject
		{C932660E-56D0-40FD-9A90-0123456789AB} = {C932660E-56D0-40FD-9A90-0123456789AB}
	EndProjectSection
EndProject
Project("{8BC9CEB8-8B4A-11D0-8D11-00A0C91BC942}") = "tscorelib", "tscorelib.vcxproj", "{46723B5B-69EA-4453-B7BD-2B307EB88432}"
	ProjectSection(ProjectDependencies) = postProject
		{C932660E-56D0-40FD-9A90-0123456789AB} = {C932660E-56D0-40FD-9A90-0123456789AB}
	EndProjectSection
EndProject
Project("{8BC9CEB8-8B4A-11D0-8D11-00A0C91BC942}") = "tsduckdll", "tsduckdll.vcxproj", "{1AD31049-26B0-4922-89CF-778040DFC51E}"
	ProjectSection(ProjectDependencies) = postProject
		{C932660E-56D0-40FD-9A90-0123456789AB} = {C932660E-56D0-40FD-9A90-0123456789AB}
		{85E0B445-B6EC-40D6-BB68-FC98ED17236D} = {85E0B445-B6EC-40D6-BB68-FC98ED17236D}
	EndProjectSection
EndProject
Project("{8BC9CEB8-8B4A-11D0-8D11-00A0C91BC942}") = "tsducklib", "tsducklib.vcxproj", "{25A6CE1B-83F7-4859-A1EA-B7A8EAFFD2C6}"
	ProjectSection(ProjectDependencies) = postProject
		{C932660E-56D0-40FD-9A90-0123456789AB} = {C932660E-56D0-40FD-9A90-0123456789AB}
		{46723B5B-69EA-4453-B7BD-2B307EB88432} = {46723B5B-69EA-4453-B7BD-2B307EB88432}
	EndProjectSection
EndProject
Project("{8BC9CEB8-8B4A-11D0-8D11-00A0C91BC942}") = "tsdektecdll", "tsdektecdll.vcxproj", "{1AD31049-26B0-1234-89CF-778040DFC51E}"
	ProjectSection(ProjectDependencies) = postProject
		{C932660E-56D0-40FD-9A90-0123456789AB} = {C932660E-56D0-40FD-9A90-0123456789AB}
		{1AD31049-26B0-4922-89CF-778040DFC51E} = {1AD31049-26B0-4922-89CF-778040DFC51E}
	EndProjectSection
EndProject
Project("{8BC9CEB8-8B4A-11D0-8D11-00A0C91BC942}") = "tsdekteclib", "tsdekteclib.vcxproj", "{25A6CE1B-83F7-4859-1234-B7A8EAFFD2C6}"
	ProjectSection(ProjectDependencies) = postProject
		{C932660E-56D0-40FD-9A90-0123456789AB} = {C932660E-56D0-40FD-9A90-0123456789AB}
		{25A6CE1B-83F7-4859-A1EA-B7A8EAFFD2C6} = {25A6CE1B-83F7-4859-A1EA-B7A8EAFFD2C6}
	EndProjectSection
EndProject
Project("{8BC9CEB8-8B4A-11D0-8D11-00A0C91BC942}") = "tsp_static", "tsp_static.vcxproj", "{0305170C-F14D-4812-8B14-1468D6607794}"
	ProjectSection(ProjectDependencies) = postProject
		{46723B5B-69EA-4453-B7BD-2B307EB88432} = {46723B5B-69EA-4453-B7BD-2B307EB88432}
		{25A6CE1B-83F7-4859-1234-B7A8EAFFD2C6} = {25A6CE1B-83F7-4859-1234-B7A8EAFFD2C6}
		{25A6CE1B-83F7-4859-A1EA-B7A8EAFFD2C6} = {25A6CE1B-83F7-4859-A1EA-B7A8EAFFD2C6}
	EndProjectSection
EndProject
Project("{8BC9CEB8-8B4A-11D0-8D11-00A0C91BC942}") = "setpath", "setpath.vcxproj", "{C932660E-56D0-40FD-9A90-A7DAD8C93F73}"
	ProjectSection(ProjectDependencies) = postProject
		{46723B5B-69EA-4453-B7BD-2B307EB88432} = {46723B5B-69EA-4453-B7BD-2B307EB88432}
	EndProjectSection
EndProject
Project("{8BC9CEB8-8B4A-11D0-8D11-00A0C91BC942}") = "tsplugin_dektec", "tsplugin_dektec.vcxproj", "{0043061D-D4FF-0256-B1D5-E205DF2CC561}"
	ProjectSection(ProjectDependencies) = postProject
		{1AD31049-26B0-1234-89CF-778040DFC51E} = {1AD31049-26B0-1234-89CF-778040DFC51E}
		{1AD31049-26B0-4922-89CF-778040DFC51E} = {1AD31049-26B0-4922-89CF-778040DFC51E}
	EndProjectSection
EndProject
Project("{8BC9CEB8-8B4A-11D0-8D11-00A0C91BC942}") = "tsanalyze", "tsanalyze.vcxproj", "{1F7DEF45-E5E8-4CE1-AED6-16D8B395D389}"
	ProjectSection(ProjectDependencies) = postProject
		{1AD31049-26B0-4922-89CF-778040DFC51E} = {1AD31049-26B0-4922-89CF-778040DFC51E}
	EndProjectSection
EndProject
Project("{8BC9CEB8-8B4A-11D0-8D11-00A0C91BC942}") = "tsbitrate", "tsbitrate.vcxproj", "{2AE1F8B5-9045-420A-A9DF-FCEA93A8276B}"
	ProjectSection(ProjectDependencies) = postProject
		{1AD31049-26B0-4922-89CF-778040DFC51E} = {1AD31049-26B0-4922-89CF-778040DFC51E}
	EndProjectSection
EndProject
Project("{8BC9CEB8-8B4A-11D0-8D11-00A0C91BC942}") = "tscharset", "tscharset.vcxproj", "{C68FB125-B7FC-435F-8D7A-0BDAC4966B54}"
	ProjectSection(ProjectDependencies) = postProject
		{1AD31049-26B0-4922-89CF-778040DFC51E} = {1AD31049-26B0-4922-89CF-778040DFC51E}
	EndProjectSection
EndProject
Project("{8BC9CEB8-8B4A-11D0-8D11-00A0C91BC942}") = "tscmp", "tscmp.vcxproj", "{8EF335F7-9EA8-4140-8F82-D9E5B6C50B93}"
	ProjectSection(ProjectDependencies) = postProject
		{1AD31049-26B0-4922-89CF-778040DFC51E} = {1AD31049-26B0-4922-89CF-778040DFC51E}
	EndProjectSection
EndProject
Project("{8BC9CEB8-8B4A-11D0-8D11-00A0C91BC942}") = "tscrc32", "tscrc32.vcxproj", "{8AB1B28D-E8D0-C86B-0B6F-AFEE1B1F492A}"
	ProjectSection(ProjectDependencies) = postProject
		{1AD31049-26B0-4922-89CF-778040DFC51E} = {1AD31049-26B0-4922-89CF-778040DFC51E}
	EndProjectSection
EndProject
Project("{8BC9CEB8-8B4A-11D0-8D11-00A0C91BC942}") = "tsdate", "tsdate.vcxproj", "{69D01EC5-E289-42A6-BF86-675E8589867C}"
	ProjectSection(ProjectDependencies) = postProject
		{1AD31049-26B0-4922-89CF-778040DFC51E} = {1AD31049-26B0-4922-89CF-778040DFC51E}
	EndProjectSection
EndProject
Project("{8BC9CEB8-8B4A-11D0-8D11-00A0C91BC942}") = "tsdebug", "tsdebug.vcxproj", "{DEA8E410-57C4-CB4D-75A2-47FF6B45AF48}"
	ProjectSection(ProjectDependencies) = postProject
		{1AD31049-26B0-4922-89CF-778040DFC51E} = {1AD31049-26B0-4922-89CF-778040DFC51E}
	EndProjectSection
EndProject
Project("{8BC9CEB8-8B4A-11D0-8D11-00A0C91BC942}") = "tsdektec", "tsdektec.vcxproj", "{144A4F77-13B9-4D39-A1E2-EEE1EBAC45DF}"
	ProjectSection(ProjectDependencies) = postProject
		{1AD31049-26B0-1234-89CF-778040DFC51E} = {1AD31049-26B0-1234-89CF-778040DFC51E}
		{1AD31049-26B0-4922-89CF-778040DFC51E} = {1AD31049-26B0-4922-89CF-778040DFC51E}
	EndProjectSection
EndProject
Project("{8BC9CEB8-8B4A-11D0-8D11-00A0C91BC942}") = "tsdsmcc", "tsdsmcc.vcxproj", "{18584485-5166-EED4-0482-4F86A3A117B9}"
	ProjectSection(ProjectDependencies) = postProject
		{1AD31049-26B0-4922-89CF-778040DFC51E} = {1AD31049-26B0-4922-89CF-778040DFC51E}
	EndProjectSection
EndProject
Project("{8BC9CEB8-8B4A-11D0-8D11-00A0C91BC942}") = "tsdump", "tsdump.vcxproj", "{B0F2FEB3-ED77-4F80-B141-969C836AA99F}"
	ProjectSection(ProjectDependencies) = postProject
		{1AD31049-26B0-4922-89CF-778040DFC51E} = {1AD31049-26B0-4922-89CF-778040DFC51E}
	EndProjectSection
EndProject
Project("{8BC9CEB8-8B4A-11D0-8D11-00A0C91BC942}") = "tsecmg", "tsecmg.vcxproj", "{5238597F-8821-43A9-96F1-4F3DDC3C6CE9}"
	ProjectSection(ProjectDependencies) = postProject
		{1AD31049-26B0-4922-89CF-778040DFC51E} = {1AD31049-26B0-4922-89CF-778040DFC51E}
	EndProjectSection
EndProject
Project("{8BC9CEB8-8B4A-11D0-8D11-00A0C91BC942}") = "tseit", "tseit.vcxproj", "{51F7D277-1231-AFCF-A2A6-F5DEEE996507}"
	ProjectSection(ProjectDependencies) = postProject
		{1AD31049-26B0-4922-89CF-778040DFC51E} = {1AD31049-26B0-4922-89CF-778040DFC51E}
	EndProjectSection
EndProject
Project("{8BC9CEB8-8B4A-11D0-8D11-00A0C91BC942}") = "tsemmg", "tsemmg.vcxproj", "{5238597F-8821-43A9-96F1-4F3DDC3C6C00}"
	ProjectSection(ProjectDependencies) = postProject
		{1AD31049-26B0-4922-89CF-778040DFC51E} = {1AD31049-26B0-4922-89CF-778040DFC51E}
	EndProjectSection
EndProject
Project("{8BC9CEB8-8B4A-11D0-8D11-00A0C91BC942}") = "tsfclean", "tsfclean.vcxproj", "{F06F034C-8A23-4E3B-8440-762F7D021766}"
	ProjectSection(ProjectDependencies) = postProject
		{1AD31049-26B0-4922-89CF-778040DFC51E} = {1AD31049-26B0-4922-89CF-778040DFC51E}
	EndProjectSection
EndProject
Project("{8BC9CEB8-8B4A-11D0-8D11-00A0C91BC942}") = "tsfixcc", "tsfixcc.vcxproj", "{F785C5F3-F4C4-4DB1-8C26-78492C652C91}"
	ProjectSection(ProjectDependencies) = postProject
		{1AD31049-26B0-4922-89CF-778040DFC51E} = {1AD31049-26B0-4922-89CF-778040DFC51E}
	EndProjectSection
EndProject
Project("{8BC9CEB8-8B4A-11D0-8D11-00A0C91BC942}") = "tsflute", "tsflute.vcxproj", "{0FAD0FE4-EE1A-411B-2439-A8027B5EE4AA}"
	ProjectSection(ProjectDependencies) = postProject
		{1AD31049-26B0-4922-89CF-778040DFC51E} = {1AD31049-26B0-4922-89CF-778040DFC51E}
	EndProjectSection
EndProject
Project("{8BC9CEB8-8B4A-11D0-8D11-00A0C91BC942}") = "tsftrunc", "tsftrunc.vcxproj", "{CCA5704C-96BE-4B72-A71F-5163D241C8C7}"
	ProjectSection(ProjectDependencies) = postProject
		{1AD31049-26B0-4922-89CF-778040DFC51E} = {1AD31049-26B0-4922-89CF-778040DFC51E}
	EndProjectSection
EndProject
Project("{8BC9CEB8-8B4A-11D0-8D11-00A0C91BC942}") = "tsfuzz", "tsfuzz.vcxproj", "{D2525702-2876-BD99-5DAE-BD76C4B7789A}"
	ProjectSection(ProjectDependencies) = postProject
		{1AD31049-26B0-4922-89CF-778040DFC51E} = {1AD31049-26B0-4922-89CF-778040DFC51E}
	EndProjectSection
EndProject
Project("{8BC9CEB8-8B4A-11D0-8D11-00A0C91BC942}") = "tsgenecm", "tsgenecm.vcxproj", "{B3475BA2-E0DC-436E-9A1B-855654992219}"
	ProjectSection(ProjectDependencies) = postProject
		{1AD31049-26B0-4922-89CF-778040DFC51E} = {1AD31049-26B0-4922-89CF-778040DFC51E}
	EndProjectSection
EndProject
Project("{8BC9CEB8-8B4A-11D0-8D11-00A0C91BC942}") = "tshides", "tshides.vcxproj", "{5FE4036B-AFBF-4252-9B13-D54D1F866973}"
	ProjectSection(ProjectDependencies) = postProject
		{1AD31049-26B0-4922-89CF-778040DFC51E} = {1AD31049-26B0-4922-89CF-778040DFC51E}
	EndProjectSection
EndProject
Project("{8BC9CEB8-8B4A-11D0-8D11-00A0C91BC942}") = "tslatencymonitor", "tslatencymonitor.vcxproj", "{2BA3D113-883D-7457-B2AD-00B7841023B7}"
	ProjectSection(ProjectDependencies) = postProject
		{1AD31049-26B0-4922-89CF-778040DFC51E} = {1AD31049-26B0-4922-89CF-778040DFC51E}
	EndProjectSection
EndProject
Project("{8BC9CEB8-8B4A-11D0-8D11-00A0C91BC942}") = "tslsdvb", "tslsdvb.vcxproj", "{6C2F6CDD-9579-4837-A5D9-032760EDEC86}"
	ProjectSection(ProjectDependencies) = postProject
		{1AD31049-26B0-4922-89CF-778040DFC51E} = {1AD31049-26B0-4922-89CF-778040DFC51E}
	EndProjectSection
EndProject
Project("{8BC9CEB8-8B4A-11D0-8D11-00A0C91BC942}") = "tsnip", "tsnip.vcxproj", "{BD170FFA-A239-BB3D-043B-B698451A7EC1}"
	ProjectSection(ProjectDependencies) = postProject
		{1AD31049-26B0-4922-89CF-778040DFC51E} = {1AD31049-26B0-4922-89CF-778040DFC51E}
	EndProjectSection
EndProject
Project("{8BC9CEB8-8B4A-11D0-8D11-00A0C91BC942}") = "tsp", "tsp.vcxproj", "{131DF2F7-2B83-4366-B945-E8900276D4AC}"
	ProjectSection(ProjectDependencies) = postProject
		{1AD31049-26B0-4922-89CF-778040DFC51E} = {1AD31049-26B0-4922-89CF-778040DFC51E}
		{0043061D-D4FF-0256-B1D5-E205DF2CC561} = {0043061D-D4FF-0256-B1D5-E205DF2CC561}
	EndProjectSection
EndProject
Project("{8BC9CEB8-8B4A-11D0-8D11-00A0C91BC942}") = "tspacketize", "tspacketize.vcxproj", "{1F038043-2FD9-4FCB-9C06-38B24F824794}"
	ProjectSection(ProjectDependencies) = postProject
		{1AD31049-26B0-4922-89CF-778040DFC51E} = {1AD31049-26B0-4922-89CF-778040DFC51E}
	EndProjectSection
EndProject
Project("{8BC9CEB8-8B4A-11D0-8D11-00A0C91BC942}") = "tspcap", "tspcap.vcxproj", "{26D93EFC-56F7-8E6B-E045-3829D386CCD6}"
	ProjectSection(ProjectDependencies) = postProject
		{1AD31049-26B0-4922-89CF-778040DFC51E} = {1AD31049-26B0-4922-89CF-778040DFC51E}
	EndProjectSection
EndProject
Project("{8BC9CEB8-8B4A-11D0-8D11-00A0C91BC942}") = "tspcontrol", "tspcontrol.vcxproj", "{0DBEC4E8-9EC3-49DE-A081-F005971A24F4}"
	ProjectSection(ProjectDependencies) = postProject
		{1AD31049-26B0-4922-89CF-778040DFC51E} = {1AD31049-26B0-4922-89CF-778040DFC51E}
	EndProjectSection
EndProject
Project("{8BC9CEB8-8B4A-11D0-8D11-00A0C91BC942}") = "tspsi", "tspsi.vcxproj", "{70E2F6EF-FADC-4BB1-8DC5-029F6A74F083}"
	ProjectSection(ProjectDependencies) = postProject
		{1AD31049-26B0-4922-89CF-778040DFC51E} = {1AD31049-26B0-4922-89CF-778040DFC51E}
	EndProjectSection
EndProject
Project("{8BC9CEB8-8B4A-11D0-8D11-00A0C91BC942}") = "tsresync", "tsresync.vcxproj", "{6AC3DFF0-981E-4987-8DAF-47674378979A}"
	ProjectSection(ProjectDependencies) = postProject
		{1AD31049-26B0-4922-89CF-778040DFC51E} = {1AD31049-26B0-4922-89CF-778040DFC51E}
	EndProjectSection
EndProject
Project("{8BC9CEB8-8B4A-11D0-8D11-00A0C91BC942}") = "tsscan", "tsscan.vcxproj", "{6B1E2D98-8209-4295-8C07-EA68AAFF7B19}"
	ProjectSection(ProjectDependencies) = postProject
		{1AD31049-26B0-4922-89CF-778040DFC51E} = {1AD31049-26B0-4922-89CF-778040DFC51E}
	EndProjectSection
EndProject
Project("{8BC9CEB8-8B4A-11D0-8D11-00A0C91BC942}") = "tssmartcard", "tssmartcard.vcxproj", "{ADCC3135-CB0B-4A2B-B73E-C61FAF0D8635}"
	ProjectSection(ProjectDependencies) = postProject
		{1AD31049-26B0-4922-89CF-778040DFC51E} = {1AD31049-26B0-4922-89CF-778040DFC51E}
	EndProjectSection
EndProject
Project("{8BC9CEB8-8B4A-11D0-8D11-00A0C91BC942}") = "tsstuff", "tsstuff.vcxproj", "{9724FE26-30F3-41B7-A897-EA9AFD12CB29}"
	ProjectSection(ProjectDependencies) = postProject
		{1AD31049-26B0-4922-89CF-778040DFC51E} = {1AD31049-26B0-4922-89CF-778040DFC51E}
	EndProjectSection
EndProject
Project("{8BC9CEB8-8B4A-11D0-8D11-00A0C91BC942}") = "tsswitch", "tsswitch.vcxproj", "{50E95255-F4C4-48E2-8745-A193EEC8E265}"
	ProjectSection(ProjectDependencies) = postProject
		{1AD31049-26B0-4922-89CF-778040DFC51E} = {1AD31049-26B0-4922-89CF-778040DFC51E}
	EndProjectSection
EndProject
Project("{8BC9CEB8-8B4A-11D0-8D11-00A0C91BC942}") = "tstabcomp", "tstabcomp.vcxproj", "{09ECDA70-7979-4D1E-B590-60DC6F1E6673}"
	ProjectSection(ProjectDependencies) = postProject
		{1AD31049-26B0-4922-89CF-778040DFC51E} = {1AD31049-26B0-4922-89CF-778040DFC51E}
	EndProjectSection
EndProject
Project("{8BC9CEB8-8B4A-11D0-8D11-00A0C91BC942}") = "tstabdump", "tstabdump.vcxproj", "{FA3EA342-C1A7-4C56-BFA1-2D06A6EEF028}"
	ProjectSection(ProjectDependencies) = postProject
		{1AD31049-26B0-4922-89CF-778040DFC51E} = {1AD31049-26B0-4922-89CF-778040DFC51E}
	EndProjectSection
EndProject
Project("{8BC9CEB8-8B4A-11D0-8D11-00A0C91BC942}") = "tstables", "tstables.vcxproj", "{DF8E9192-F746-4EC0-9A49-4202B9035E9F}"
	ProjectSection(ProjectDependencies) = postProject
		{1AD31049-26B0-4922-89CF-778040DFC51E} = {1AD31049-26B0-4922-89CF-778040DFC51E}
	EndProjectSection
EndProject
Project("{8BC9CEB8-8B4A-11D0-8D11-00A0C91BC942}") = "tsterinfo", "tsterinfo.vcxproj", "{F434DD1B-A2CF-421D-9EB5-C6081C00E60A}"
	ProjectSection(ProjectDependencies) = postProject
		{1AD31049-26B0-4922-89CF-778040DFC51E} = {1AD31049-26B0-4922-89CF-778040DFC51E}
	EndProjectSection
EndProject
Project("{8BC9CEB8-8B4A-11D0-8D11-00A0C91BC942}") = "tstestecmg", "tstestecmg.vcxproj", "{92BCB421-1E29-7830-A378-A626E3B9D551}"
	ProjectSection(ProjectDependencies) = postProject
		{1AD31049-26B0-4922-89CF-778040DFC51E} = {1AD31049-26B0-4922-89CF-778040DFC51E}
	EndProjectSection
EndProject
Project("{8BC9CEB8-8B4A-11D0-8D11-00A0C91BC942}") = "tsvatek", "tsvatek.vcxproj", "{FA9D7A23-6270-E42C-FCFF-BD2BE195CCE0}"
	ProjectSection(ProjectDependencies) = postProject
		{1AD31049-26B0-4922-89CF-778040DFC51E} = {1AD31049-26B0-4922-89CF-778040DFC51E}
	EndProjectSection
EndProject
Project("{8BC9CEB8-8B4A-11D0-8D11-00A0C91BC942}") = "tsversion", "tsversion.vcxproj", "{DAA77608-8755-4E65-8FAE-6667C4317385}"
	ProjectSection(ProjectDependencies) = postProject
		{1AD31049-26B0-4922-89CF-778040DFC51E} = {1AD31049-26B0-4922-89CF-778040DFC51E}
	EndProjectSection
EndProject
Project("{8BC9CEB8-8B4A-11D0-8D11-00A0C91BC942}") = "tsxml", "tsxml.vcxproj", "{59553F6E-567A-4C24-8711-9F7F47472988}"
	ProjectSection(ProjectDependencies) = postProject
		{1AD31049-26B0-4922-89CF-778040DFC51E} = {1AD31049-26B0-4922-89CF-778040DFC51E}
	EndProjectSection
EndProject
Global
	GlobalSection(SolutionConfigurationPlatforms) = preSolution
		Release|x64 = Release|x64
		Release|Win32 = Release|Win32
		Release|ARM64 = Release|ARM64
		Debug|x64 = Debug|x64
		Debug|Win32 = Debug|Win32
		Debug|ARM64 = Debug|ARM64
		ASan|x64 = ASan|x64
		ASan|Win32 = ASan|Win32
		ASan|ARM64 = ASan|ARM64
	EndGlobalSection
	GlobalSection(ProjectConfigurationPlatforms) = postSolution
		{C932660E-56D0-40FD-9A90-0123456789AB}.Release|x64.ActiveCfg = Release|x64
		{C932660E-56D0-40FD-9A90-0123456789AB}.Release|x64.Build.0 = Release|x64
		{C932660E-56D0-40FD-9A90-0123456789AB}.Release|Win32.ActiveCfg = Release|Win32
		{C932660E-56D0-40FD-9A90-0123456789AB}.Release|Win32.Build.0 = Release|Win32
		{C932660E-56D0-40FD-9A90-0123456789AB}.Release|ARM64.ActiveCfg = Release|ARM64
		{C932660E-56D0-40FD-9A90-0123456789AB}.Release|ARM64.Build.0 = Release|ARM64
		{C932660E-56D0-40FD-9A90-0123456789AB}.Debug|x64.ActiveCfg = Debug|x64
		{C932660E-56D0-40FD-9A90-0123456789AB}.Debug|x64.Build.0 = Debug|x64
		{C932660E-56D0-40FD-9A90-0123456789AB}.Debug|Win32.ActiveCfg = Debug|Win32
		{C932660E-56D0-40FD-9A90-0123456789AB}.Debug|Win32.Build.0 = Debug|Win32
		{C932660E-56D0-40FD-9A90-0123456789AB}.Debug|ARM64.ActiveCfg = Debug|ARM64
		{C932660E-56D0-40FD-9A90-0123456789AB}.Debug|ARM64.Build.0 = Debug|ARM64
		{C932660E-56D0-40FD-9A90-0123456789AB}.ASan|x64.ActiveCfg = ASan|x64
		{C932660E-56D0-40FD-9A90-0123456789AB}.ASan|x64.Build.0 = ASan|x64
		{C932660E-56D0-40FD-9A90-0123456789AB}.ASan|Win32.ActiveCfg = ASan|Win32
		{C932660E-56D0-40FD-9A90-0123456789AB}.ASan|Win32.Build.0 = ASan|Win32
		{C932660E-56D0-40FD-9A90-0123456789AB}.ASan|ARM64.ActiveCfg = ASan|ARM64
		{C932660E-56D0-40FD-9A90-0123456789AB}.ASan|ARM64.Build.0 = ASan|ARM64
		{A5E2A70F-CA57-460C-9BE0-473BD61DF467}.Release|x64.ActiveCfg = Release|x64
		{A5E2A70F-CA57-460C-9BE0-473BD61DF467}.Release|x64.Build.0 = Release|x64
		{A5E2A70F-CA57-460C-9BE0-473BD61DF467}.Release|Win32.ActiveCfg = Release|Win32
		{A5E2A70F-CA57-460C-9BE0-473BD61DF467}.Release|Win32.Build.0 = Release|Win32
		{A5E2A70F-CA57-460C-9BE0-473BD61DF467}.Release|ARM64.ActiveCfg = Release|ARM64
		{A5E2A70F-CA57-460C-9BE0-473BD61DF467}.Release|ARM64.Build.0 = Release|ARM64
		{A5E2A70F-CA57-460C-9BE0-473BD61DF467}.Debug|x64.ActiveCfg = Debug|x64
		{A5E2A70F-CA57-460C-9BE0-473BD61DF467}.Debug|x64.Build.0 = Debug|x64
		{A5E2A70F-CA57-460C-9BE0-473BD61DF467}.Debug|Win32.ActiveCfg = Debug|Win32
		{A5E2A70F-CA57-460C-9BE0-473BD61DF467}.Debug|Win32.Build.0 = Debug|Win32
		{A5E2A70F-CA57-460C-9BE0-473BD61DF467}.Debug|ARM64.ActiveCfg = Debug|ARM64
		{A5E2A70F-CA57-460C-9BE0-473BD61DF467}.Debug|ARM64.Build.0 = Debug|ARM64
		{A5E2A70F-CA57-460C-9BE0-473BD61DF467}.ASan|x64.ActiveCfg = ASan|x64
		{A5E2A70F-CA57-460C-9BE0-473BD61DF467}.ASan|x64.Build.0 = ASan|x64
		{A5E2A70F-CA57-460C-9BE0-473BD61DF467}.ASan|Win32.ActiveCfg = ASan|Win32
		{A5E2A70F-CA57-460C-9BE0-473BD61DF467}.ASan|Win32.Build.0 = ASan|Win32
		{A5E2A70F-CA57-460C-9BE0-473BD61DF467}.ASan|ARM64.ActiveCfg = ASan|ARM64
		{A5E2A70F-CA57-460C-9BE0-473BD61DF467}.ASan|ARM64.Build.0 = ASan|ARM64
		{2FFD7D6C-F3BF-4ED6-8593-20AC70A83AC1}.Release|x64.ActiveCfg = Release|x64
		{2FFD7D6C-F3BF-4ED6-8593-20AC70A83AC1}.Release|x64.Build.0 = Release|x64
		{2FFD7D6C-F3BF-4ED6-8593-20AC70A83AC1}.Release|Win32.ActiveCfg = Release|Win32
		{2FFD7D6C-F3BF-4ED6-8593-20AC70A83AC1}.Release|Win32.Build.0 = Release|Win32
		{2FFD7D6C-F3BF-4ED6-8593-20AC70A83AC1}.Release|ARM64.ActiveCfg = Release|ARM64
		{2FFD7D6C-F3BF-4ED6-8593-20AC70A83AC1}.Release|ARM64.Build.0 = Release|ARM64
		{2FFD7D6C-F3BF-4ED6-8593-20AC70A83AC1}.Debug|x64.ActiveCfg = Debug|x64
		{2FFD7D6C-F3BF-4ED6-8593-20AC70A83AC1}.Debug|x64.Build.0 = Debug|x64
		{2FFD7D6C-F3BF-4ED6-8593-20AC70A83AC1}.Debug|Win32.ActiveCfg = Debug|Win32
		{2FFD7D6C-F3BF-4ED6-8593-20AC70A83AC1}.Debug|Win32.Build.0 = Debug|Win32
		{2FFD7D6C-F3BF-4ED6-8593-20AC70A83AC1}.Debug|ARM64.ActiveCfg = Debug|ARM64
		{2FFD7D6C-F3BF-4ED6-8593-20AC70A83AC1}.Debug|ARM64.Build.0 = Debug|ARM64
		{2FFD7D6C-F3BF-4ED6-8593-20AC70A83AC1}.ASan|x64.ActiveCfg = ASan|x64
		{2FFD7D6C-F3BF-4ED6-8593-20AC70A83AC1}.ASan|x64.Build.0 = ASan|x64
		{2FFD7D6C-F3BF-4ED6-8593-20AC70A83AC1}.ASan|Win32.ActiveCfg = ASan|Win32
		{2FFD7D6C-F3BF-4ED6-8593-20AC70A83AC1}.ASan|Win32.Build.0 = ASan|Win32
		{2FFD7D6C-F3BF-4ED6-8593-20AC70A83AC1}.ASan|ARM64.ActiveCfg = ASan|ARM64
		{2FFD7D6C-F3BF-4ED6-8593-20AC70A83AC1}.ASan|ARM64.Build.0 = ASan|ARM64
		{85E0B445-B6EC-40D6-BB68-FC98ED17236D}.Release|x64.ActiveCfg = Release|x64
		{85E0B445-B6EC-40D6-BB68-FC98ED17236D}.Release|x64.Build.0 = Release|x64
		{85E0B445-B6EC-40D6-BB68-FC98ED17236D}.Release|Win32.ActiveCfg = Release|Win32
		{85E0B445-B6EC-40D6-BB68-FC98ED17236D}.Release|Win32.Build.0 = Release|Win32
		{85E0B445-B6EC-40D6-BB68-FC98ED17236D}.Release|ARM64.ActiveCfg = Release|ARM64
		{85E0B445-B6EC-40D6-BB68-FC98ED17236D}.Release|ARM64.Build.0 = Release|ARM64
		{85E0B445-B6EC-40D6-BB68-FC98ED17236D}.Debug|x64.ActiveCfg = Debug|x64
		{85E0B445-B6EC-40D6-BB68-FC98ED17236D}.Debug|x64.Build.0 = Debug|x64
		{85E0B445-B6EC-40D6-BB68-FC98ED17236D}.Debug|Win32.ActiveCfg = Debug|Win32
		{85E0B445-B6EC-40D6-BB68-FC98ED17236D}.Debug|Win32.Build.0 = Debug|Win32
		{85E0B445-B6EC-40D6-BB68-FC98ED17236D}.Debug|ARM64.ActiveCfg = Debug|ARM64
		{85E0B445-B6EC-40D6-BB68-FC98ED17236D}.Debug|ARM64.Build.0 = Debug|ARM64
		{85E0B445-B6EC-40D6-BB68-FC98ED17236D}.ASan|x64.ActiveCfg = ASan|x64
		{85E0B445-B6EC-40D6-BB68-FC98ED17236D}.ASan|x64.Build.0 = ASan|x64
		{85E0B445-B6EC-40D6-BB68-FC98ED17236D}.ASan|Win32.ActiveCfg = ASan|Win32
		{85E0B445-B6EC-40D6-BB68-FC98ED17236D}.ASan|Win32.Build.0 = ASan|Win32
		{85E0B445-B6EC-40D6-BB68-FC98ED17236D}.ASan|ARM64.ActiveCfg = ASan|ARM64
		{85E0B445-B6EC-40D6-BB68-FC98ED17236D}.ASan|ARM64.Build.0 = ASan|ARM64
		{46723B5B-69EA-4453-B7BD-2B307EB88432}.Release|x64.ActiveCfg = Release|x64
		{46723B5B-69EA-4453-B7BD-2B307EB88432}.Release|x64.Build.0 = Release|x64
		{46723B5B-69EA-4453-B7BD-2B307EB88432}.Release|Win32.ActiveCfg = Release|Win32
		{46723B5B-69EA-4453-B7BD-2B307EB88432}.Release|Win32.Build.0 = Release|Win32
		{46723B5B-69EA-4453-B7BD-2B307EB88432}.Release|ARM64.ActiveCfg = Release|ARM64
		{46723B5B-69EA-4453-B7BD-2B307EB88432}.Release|ARM64.Build.0 = Release|ARM64
		{46723B5B-69EA-4453-B7BD-2B307EB88432}.Debug|x64.ActiveCfg = Debug|x64
		{46723B5B-69EA-4453-B7BD-2B307EB88432}.Debug|x64.Build.0 = Debug|x64
		{46723B5B-69EA-4453-B7BD-2B307EB88432}.Debug|Win32.ActiveCfg = Debug|Win32
		{46723B5B-69EA-4453-B7BD-2B307EB88432}.Debug|Win32.Build.0 = Debug|Win32
		{46723B5B-69EA-4453-B7BD-2B307EB88432}.Debug|ARM64.ActiveCfg = Debug|ARM64
		{46723B5B-69EA-4453-B7BD-2B307EB88432}.Debug|ARM64.Build.0 = Debug|ARM64
		{46723B5B-69EA-4453-B7BD-2B307EB88432}.ASan|x64.ActiveCfg = ASan|x64
		{46723B5B-69EA-4453-B7BD-2B307EB88432}.ASan|x64.Build.0 = ASan|x64
		{46723B5B-69EA-4453-B7BD-2B307EB88432}.ASan|Win32.ActiveCfg = ASan|Win32
		{46723B5B-69EA-4453-B7BD-2B307EB88432}.ASan|Win32.Build.0 = ASan|Win32
		{46723B5B-69EA-4453-B7BD-2B307EB88432}.ASan|ARM64.ActiveCfg = ASan|ARM64
		{46723B5B-69EA-4453-B7BD-2B307EB88432}.ASan|ARM64.Build.0 = ASan|ARM64
		{1AD31049-26B0-4922-89CF-778040DFC51E}.Release|x64.ActiveCfg = Release|x64
		{1AD31049-26B0-4922-89CF-778040DFC51E}.Release|x64.Build.0 = Release|x64
		{1AD31049-26B0-4922-89CF-778040DFC51E}.Release|Win32.ActiveCfg = Release|Win32
		{1AD31049-26B0-4922-89CF-778040DFC51E}.Release|Win32.Build.0 = Release|Win32
		{1AD31049-26B0-4922-89CF-778040DFC51E}.Release|ARM64.ActiveCfg = Release|ARM64
		{1AD31049-26B0-4922-89CF-778040DFC51E}.Release|ARM64.Build.0 = Release|ARM64
		{1AD31049-26B0-4922-89CF-778040DFC51E}.Debug|x64.ActiveCfg = Debug|x64
		{1AD31049-26B0-4922-89CF-778040DFC51E}.Debug|x64.Build.0 = Debug|x64
		{1AD31049-26B0-4922-89CF-778040DFC51E}.Debug|Win32.ActiveCfg = Debug|Win32
		{1AD31049-26B0-4922-89CF-778040DFC51E}.Debug|Win32.Build.0 = Debug|Win32
		{1AD31049-26B0-4922-89CF-778040DFC51E}.Debug|ARM64.ActiveCfg = Debug|ARM64
		{1AD31049-26B0-4922-89CF-778040DFC51E}.Debug|ARM64.Build.0 = Debug|ARM64
		{1AD31049-26B0-4922-89CF-778040DFC51E}.ASan|x64.ActiveCfg = ASan|x64
		{1AD31049-26B0-4922-89CF-778040DFC51E}.ASan|x64.Build.0 = ASan|x64
		{1AD31049-26B0-4922-89CF-778040DFC51E}.ASan|Win32.ActiveCfg = ASan|Win32
		{1AD31049-26B0-4922-89CF-778040DFC51E}.ASan|Win32.Build.0 = ASan|Win32
		{1AD31049-26B0-4922-89CF-778040DFC51E}.ASan|ARM64.ActiveCfg = ASan|ARM64
		{1AD31049-26B0-4922-89CF-778040DFC51E}.ASan|ARM64.Build.0 = ASan|ARM64
		{25A6CE1B-83F7-4859-A1EA-B7A8EAFFD2C6}.Release|x64.ActiveCfg = Release|x64
		{25A6CE1B-83F7-4859-A1EA-B7A8EAFFD2C6}.Release|x64.Build.0 = Release|x64
		{25A6CE1B-83F7-4859-A1EA-B7A8EAFFD2C6}.Release|Win32.ActiveCfg = Release|Win32
		{25A6CE1B-83F7-4859-A1EA-B7A8EAFFD2C6}.Release|Win32.Build.0 = Release|Win32
		{25A6CE1B-83F7-4859-A1EA-B7A8EAFFD2C6}.Release|ARM64.ActiveCfg = Release|ARM64
		{25A6CE1B-83F7-4859-A1EA-B7A8EAFFD2C6}.Release|ARM64.Build.0 = Release|ARM64
		{25A6CE1B-83F7-4859-A1EA-B7A8EAFFD2C6}.Debug|x64.ActiveCfg = Debug|x64
		{25A6CE1B-83F7-4859-A1EA-B7A8EAFFD2C6}.Debug|x64.Build.0 = Debug|x64
		{25A6CE1B-83F7-4859-A1EA-B7A8EAFFD2C6}.Debug|Win32.ActiveCfg = Debug|Win32
		{25A6CE1B-83F7-4859-A1EA-B7A8EAFFD2C6}.Debug|Win32.Build.0 = Debug|Win32
		{25A6CE1B-83F7-4859-A1EA-B7A8EAFFD2C6}.Debug|ARM64.ActiveCfg = Debug|ARM64
		{25A6CE1B-83F7-4859-A1EA-B7A8EAFFD2C6}.Debug|ARM64.Build.0 = Debug|ARM64
		{25A6CE1B-83F7-4859-A1EA-B7A8EAFFD2C6}.ASan|x64.ActiveCfg = ASan|x64
		{25A6CE1B-83F7-4859-A1EA-B7A8EAFFD2C6}.ASan|x64.Build.0 = ASan|x64
		{25A6CE1B-83F7-4859-A1EA-B7A8EAFFD2C6}.ASan|Win32.ActiveCfg = ASan|Win32
		{25A6CE1B-83F7-4859-A1EA-B7A8EAFFD2C6}.ASan|Win32.Build.0 = ASan|Win32
		{25A6CE1B-83F7-4859-A1EA-B7A8EAFFD2C6}.ASan|ARM64.ActiveCfg = ASan|ARM64
		{25A6CE1B-83F7-4859-A1EA-B7A8EAFFD2C6}.ASan|ARM64.Build.0 = ASan|ARM64
		{1AD31049-26B0-1234-89CF-778040DFC51E}.Release|x64.ActiveCfg = Release|x64
		{1AD31049-26B0-1234-89CF-778040DFC51E}.Release|x64.Build.0 = Release|x64
		{1AD31049-26B0-1234-89CF-778040DFC51E}.Release|Win32.ActiveCfg = Release|Win32
		{1AD31049-26B0-1234-89CF-778040DFC51E}.Release|Win32.Build.0 = Release|Win32
		{1AD31049-26B0-1234-89CF-778040DFC51E}.Release|ARM64.ActiveCfg = Release|ARM64
		{1AD31049-26B0-1234-89CF-778040DFC51E}.Release|ARM64.Build.0 = Release|ARM64
		{1AD31049-26B0-1234-89CF-778040DFC51E}.Debug|x64.ActiveCfg = Debug|x64
		{1AD31049-26B0-1234-89CF-778040DFC51E}.Debug|x64.Build.0 = Debug|x64
		{1AD31049-26B0-1234-89CF-778040DFC51E}.Debug|Win32.ActiveCfg = Debug|Win32
		{1AD31049-26B0-1234-89CF-778040DFC51E}.Debug|Win32.Build.0 = Debug|Win32
		{1AD31049-26B0-1234-89CF-778040DFC51E}.Debug|ARM64.ActiveCfg = Debug|ARM64
		{1AD31049-26B0-1234-89CF-778040DFC51E}.Debug|ARM64.Build.0 = Debug|ARM64
		{1AD31049-26B0-1234-89CF-778040DFC51E}.ASan|x64.ActiveCfg = ASan|x64
		{1AD31049-26B0-1234-89CF-778040DFC51E}.ASan|x64.Build.0 = ASan|x64
		{1AD31049-26B0-1234-89CF-778040DFC51E}.ASan|Win32.ActiveCfg = ASan|Win32
		{1AD31049-26B0-1234-89CF-778040DFC51E}.ASan|Win32.Build.0 = ASan|Win32
		{1AD31049-26B0-1234-89CF-778040DFC51E}.ASan|ARM64.ActiveCfg = ASan|ARM64
		{1AD31049-26B0-1234-89CF-778040DFC51E}.ASan|ARM64.Build.0 = ASan|ARM64
		{25A6CE1B-83F7-4859-1234-B7A8EAFFD2C6}.Release|x64.ActiveCfg = Release|x64
		{25A6CE1B-83F7-4859-1234-B7A8EAFFD2C6}.Release|x64.Build.0 = Release|x64
		{25A6CE1B-83F7-4859-1234-B7A8EAFFD2C6}.Release|Win32.ActiveCfg = Release|Win32
		{25A6CE1B-83F7-4859-1234-B7A8EAFFD2C6}.Release|Win32.Build.0 = Release|Win32
		{25A6CE1B-83F7-4859-1234-B7A8EAFFD2C6}.Release|ARM64.ActiveCfg = Release|ARM64
		{25A6CE1B-83F7-4859-1234-B7A8EAFFD2C6}.Release|ARM64.Build.0 = Release|ARM64
		{25A6CE1B-83F7-4859-1234-B7A8EAFFD2C6}.Debug|x64.ActiveCfg = Debug|x64
		{25A6CE1B-83F7-4859-1234-B7A8EAFFD2C6}.Debug|x64.Build.0 = Debug|x64
		{25A6CE1B-83F7-4859-1234-B7A8EAFFD2C6}.Debug|Win32.ActiveCfg = Debug|Win32
		{25A6CE1B-83F7-4859-1234-B7A8EAFFD2C6}.Debug|Win32.Build.0 = Debug|Win32
		{25A6CE1B-83F7-4859-1234-B7A8EAFFD2C6}.Debug|ARM64.ActiveCfg = Debug|ARM64
		{25A6CE1B-83F7-4859-1234-B7A8EAFFD2C6}.Debug|ARM64.Build.0 = Debug|ARM64
		{25A6CE1B-83F7-4859-1234-B7A8EAFFD2C6}.ASan|x64.ActiveCfg = ASan|x64
		{25A6CE1B-83F7-4859-1234-B7A8EAFFD2C6}.ASan|x64.Build.0 = ASan|x64
		{25A6CE1B-83F7-4859-1234-B7A8EAFFD2C6}.ASan|Win32.ActiveCfg = ASan|Win32
		{25A6CE1B-83F7-4859-1234-B7A8EAFFD2C6}.ASan|Win32.Build.0 = ASan|Win32
		{25A6CE1B-83F7-4859-1234-B7A8EAFFD2C6}.ASan|ARM64.ActiveCfg = ASan|ARM64
		{25A6CE1B-83F7-4859-1234-B7A8EAFFD2C6}.ASan|ARM64.Build.0 = ASan|ARM64
		{0305170C-F14D-4812-8B14-1468D6607794}.Release|x64.ActiveCfg = Release|x64
		{0305170C-F14D-4812-8B14-1468D6607794}.Release|x64.Build.0 = Release|x64
		{0305170C-F14D-4812-8B14-1468D6607794}.Release|Win32.ActiveCfg = Release|Win32
		{0305170C-F14D-4812-8B14-1468D6607794}.Release|Win32.Build.0 = Release|Win32
		{0305170C-F14D-4812-8B14-1468D6607794}.Release|ARM64.ActiveCfg = Release|ARM64
		{0305170C-F14D-4812-8B14-1468D6607794}.Release|ARM64.Build.0 = Release|ARM64
		{0305170C-F14D-4812-8B14-1468D6607794}.Debug|x64.ActiveCfg = Debug|x64
		{0305170C-F14D-4812-8B14-1468D6607794}.Debug|x64.Build.0 = Debug|x64
		{0305170C-F14D-4812-8B14-1468D6607794}.Debug|Win32.ActiveCfg = Debug|Win32
		{0305170C-F14D-4812-8B14-1468D6607794}.Debug|Win32.Build.0 = Debug|Win32
		{0305170C-F14D-4812-8B14-1468D6607794}.Debug|ARM64.ActiveCfg = Debug|ARM64
		{0305170C-F14D-4812-8B14-1468D6607794}.Debug|ARM64.Build.0 = Debug|ARM64
		{0305170C-F14D-4812-8B14-1468D6607794}.ASan|x64.ActiveCfg = ASan|x64
		{0305170C-F14D-4812-8B14-1468D6607794}.ASan|x64.Build.0 = ASan|x64
		{0305170C-F14D-4812-8B14-1468D6607794}.ASan|Win32.ActiveCfg = ASan|Win32
		{0305170C-F14D-4812-8B14-1468D6607794}.ASan|Win32.Build.0 = ASan|Win32
		{0305170C-F14D-4812-8B14-1468D6607794}.ASan|ARM64.ActiveCfg = ASan|ARM64
		{0305170C-F14D-4812-8B14-1468D6607794}.ASan|ARM64.Build.0 = ASan|ARM64
		{C932660E-56D0-40FD-9A90-A7DAD8C93F73}.Release|x64.ActiveCfg = Release|x64
		{C932660E-56D0-40FD-9A90-A7DAD8C93F73}.Release|x64.Build.0 = Release|x64
		{C932660E-56D0-40FD-9A90-A7DAD8C93F73}.Release|Win32.ActiveCfg = Release|Win32
		{C932660E-56D0-40FD-9A90-A7DAD8C93F73}.Release|Win32.Build.0 = Release|Win32
		{C932660E-56D0-40FD-9A90-A7DAD8C93F73}.Release|ARM64.ActiveCfg = Release|ARM64
		{C932660E-56D0-40FD-9A90-A7DAD8C93F73}.Release|ARM64.Build.0 = Release|ARM64
		{C932660E-56D0-40FD-9A90-A7DAD8C93F73}.Debug|x64.ActiveCfg = Debug|x64
		{C932660E-56D0-40FD-9A90-A7DAD8C93F73}.Debug|x64.Build.0 = Debug|x64
		{C932660E-56D0-40FD-9A90-A7DAD8C93F73}.Debug|Win32.ActiveCfg = Debug|Win32
		{C932660E-56D0-40FD-9A90-A7DAD8C93F73}.Debug|Win32.Build.0 = Debug|Win32
		{C932660E-56D0-40FD-9A90-A7DAD8C93F73}.Debug|ARM64.ActiveCfg = Debug|ARM64
		{C932660E-56D0-40FD-9A90-A7DAD8C93F73}.Debug|ARM64.Build.0 = Debug|ARM64
		{C932660E-56D0-40FD-9A90-A7DAD8C93F73}.ASan|x64.ActiveCfg = ASan|x64
		{C932660E-56D0-40FD-9A90-A7DAD8C93F73}.ASan|x64.Build.0 = ASan|x64
		{C932660E-56D0-40FD-9A90-A7DAD8C93F73}.ASan|Win32.ActiveCfg = ASan|Win32
		{C932660E-56D0-40FD-9A90-A7DAD8C93F73}.ASan|Win32.Build.0 = ASan|Win32
		{C932660E-56D0-40FD-9A90-A7DAD8C93F73}.ASan|ARM64.ActiveCfg = ASan|ARM64
		{C932660E-56D0-40FD-9A90-A7DAD8C93F73}.ASan|ARM64.Build.0 = ASan|ARM64
		{0043061D-D4FF-0256-B1D5-E205DF2CC561}.Release|x64.ActiveCfg = Release|x64
		{0043061D-D4FF-0256-B1D5-E205DF2CC561}.Release|x64.Build.0 = Release|x64
		{0043061D-D4FF-0256-B1D5-E205DF2CC561}.Release|Win32.ActiveCfg = Release|Win32
		{0043061D-D4FF-0256-B1D5-E205DF2CC561}.Release|Win32.Build.0 = Release|Win32
		{0043061D-D4FF-0256-B1D5-E205DF2CC561}.Release|ARM64.ActiveCfg = Release|ARM64
		{0043061D-D4FF-0256-B1D5-E205DF2CC561}.Release|ARM64.Build.0 = Release|ARM64
		{0043061D-D4FF-0256-B1D5-E205DF2CC561}.Debug|x64.ActiveCfg = Debug|x64
		{0043061D-D4FF-0256-B1D5-E205DF2CC561}.Debug|x64.Build.0 = Debug|x64
		{0043061D-D4FF-0256-B1D5-E205DF2CC561}.Debug|Win32.ActiveCfg = Debug|Win32
		{0043061D-D4FF-0256-B1D5-E205DF2CC561}.Debug|Win32.Build.0 = Debug|Win32
		{0043061D-D4FF-0256-B1D5-E205DF2CC561}.Debug|ARM64.ActiveCfg = Debug|ARM64
		{0043061D-D4FF-0256-B1D5-E205DF2CC561}.Debug|ARM64.Build.0 = Debug|ARM64
		{0043061D-D4FF-0256-B1D5-E205DF2CC561}.ASan|x64.ActiveCfg = ASan|x64
		{0043061D-D4FF-0256-B1D5-E205DF2CC561}.ASan|x64.Build.0 = ASan|x64
		{0043061D-D4FF-0256-B1D5-E205DF2CC561}.ASan|Win32.ActiveCfg = ASan|Win32
		{0043061D-D4FF-0256-B1D5-E205DF2CC561}.ASan|Win32.Build.0 = ASan|Win32
		{0043061D-D4FF-0256-B1D5-E205DF2CC561}.ASan|ARM64.ActiveCfg = ASan|ARM64
		{0043061D-D4FF-0256-B1D5-E205DF2CC561}.ASan|ARM64.Build.0 = ASan|ARM64
		{1F7DEF45-E5E8-4CE1-AED6-16D8B395D389}.Release|x64.ActiveCfg = Release|x64
		{1F7DEF45-E5E8-4CE1-AED6-16D8B395D389}.Release|x64.Build.0 = Release|x64
		{1F7DEF45-E5E8-4CE1-AED6-16D8B395D389}.Release|Win32.ActiveCfg = Release|Win32
		{1F7DEF45-E5E8-4CE1-AED6-16D8B395D389}.Release|Win32.Build.0 = Release|Win32
		{1F7DEF45-E5E8-4CE1-AED6-16D8B395D389}.Release|ARM64.ActiveCfg = Release|ARM64
		{1F7DEF45-E5E8-4CE1-AED6-16D8B395D389}.Release|ARM64.Build.0 = Release|ARM64
		{1F7DEF45-E5E8-4CE1-AED6-16D8B395D389}.Debug|x64.ActiveCfg = Debug|x64
		{1F7DEF45-E5E8-4CE1-AED6-16D8B395D389}.Debug|x64.Build.0 = Debug|x64
		{1F7DEF45-E5E8-4CE1-AED6-16D8B395D389}.Debug|Win32.ActiveCfg = Debug|Win32
		{1F7DEF45-E5E8-4CE1-AED6-16D8B395D389}.Debug|Win32.Build.0 = Debug|Win32
		{1F7DEF45-E5E8-4CE1-AED6-16D8B395D389}.Debug|ARM64.ActiveCfg = Debug|ARM64
		{1F7DEF45-E5E8-4CE1-AED6-16D8B395D389}.Debug|ARM64.Build.0 = Debug|ARM64
		{1F7DEF45-E5E8-4CE1-AED6-16D8B395D389}.ASan|x64.ActiveCfg = ASan|x64
		{1F7DEF45-E5E8-4CE1-AED6-16D8B395D389}.ASan|x64.Build.0 = ASan|x64
		{1F7DEF45-E5E8-4CE1-AED6-16D8B395D389}.ASan|Win32.ActiveCfg = ASan|Win32
		{1F7DEF45-E5E8-4CE1-AED6-16D8B395D389}.ASan|Win32.Build.0 = ASan|Win32
		{1F7DEF45-E5E8-4CE1-AED6-16D8B395D389}.ASan|ARM64.ActiveCfg = ASan|ARM64
		{1F7DEF45-E5E8-4CE1-AED6-16D8B395D389}.ASan|ARM64.Build.0 = ASan|ARM64
		{2AE1F8B5-9045-420A-A9DF-FCEA93A8276B}.Release|x64.ActiveCfg = Release|x64
		{2AE1F8B5-9045-420A-A9DF-FCEA93A8276B}.Release|x64.Build.0 = Release|x64
		{2AE1F8B5-9045-420A-A9DF-FCEA93A8276B}.Release|Win32.ActiveCfg = Release|Win32
		{2AE1F8B5-9045-420A-A9DF-FCEA93A8276B}.Release|Win32.Build.0 = Release|Win32
		{2AE1F8B5-9045-420A-A9DF-FCEA93A8276B}.Release|ARM64.ActiveCfg = Release|ARM64
		{2AE1F8B5-9045-420A-A9DF-FCEA93A8276B}.Release|ARM64.Build.0 = Release|ARM64
		{2AE1F8B5-9045-420A-A9DF-FCEA93A8276B}.Debug|x64.ActiveCfg = Debug|x64
		{2AE1F8B5-9045-420A-A9DF-FCEA93A8276B}.Debug|x64.Build.0 = Debug|x64
		{2AE1F8B5-9045-420A-A9DF-FCEA93A8276B}.Debug|Win32.ActiveCfg = Debug|Win32
		{2AE1F8B5-9045-420A-A9DF-FCEA93A8276B}.Debug|Win32.Build.0 = Debug|Win32
		{2AE1F8B5-9045-420A-A9DF-FCEA93A8276B}.Debug|ARM64.ActiveCfg = Debug|ARM64
		{2AE1F8B5-9045-420A-A9DF-FCEA93A8276B}.Debug|ARM64.Build.0 = Debug|ARM64
		{2AE1F8B5-9045-420A-A9DF-FCEA93A8276B}.ASan|x64.ActiveCfg = ASan|x64
		{2AE1F8B5-9045-420A-A9DF-FCEA93A8276B}.ASan|x64.Build.0 = ASan|x64
		{2AE1F8B5-9045-420A-A9DF-FCEA93A8276B}.ASan|Win32.ActiveCfg = ASan|Win32
		{2AE1F8B5-9045-420A-A9DF-FCEA93A8276B}.ASan|Win32.Build.0 = ASan|Win32
		{2AE1F8B5-9045-420A-A9DF-FCEA93A8276B}.ASan|ARM64.ActiveCfg = ASan|ARM64
		{2AE1F8B5-9045-420A-A9DF-FCEA93A8276B}.ASan|ARM64.Build.0 = ASan|ARM64
		{C68FB125-B7FC-435F-8D7A-0BDAC4966B54}.Release|x64.ActiveCfg = Release|x64
		{C68FB125-B7FC-435F-8D7A-0BDAC4966B54}.Release|x64.Build.0 = Release|x64
		{C68FB125-B7FC-435F-8D7A-0BDAC4966B54}.Release|Win32.ActiveCfg = Release|Win32
		{C68FB125-B7FC-435F-8D7A-0BDAC4966B54}.Release|Win32.Build.0 = Release|Win32
		{C68FB125-B7FC-435F-8D7A-0BDAC4966B54}.Release|ARM64.ActiveCfg = Release|ARM64
		{C68FB125-B7FC-435F-8D7A-0BDAC4966B54}.Release|ARM64.Build.0 = Release|ARM64
		{C68FB125-B7FC-435F-8D7A-0BDAC4966B54}.Debug|x64.ActiveCfg = Debug|x64
		{C68FB125-B7FC-435F-8D7A-0BDAC4966B54}.Debug|x64.Build.0 = Debug|x64
		{C68FB125-B7FC-435F-8D7A-0BDAC4966B54}.Debug|Win32.ActiveCfg = Debug|Win32
		{C68FB125-B7FC-435F-8D7A-0BDAC4966B54}.Debug|Win32.Build.0 = Debug|Win32
		{C68FB125-B7FC-435F-8D7A-0BDAC4966B54}.Debug|ARM64.ActiveCfg = Debug|ARM64
		{C68FB125-B7FC-435F-8D7A-0BDAC4966B54}.Debug|ARM64.Build.0 = Debug|ARM64
		{C68FB125-B7FC-435F-8D7A-0BDAC4966B54}.ASan|x64.ActiveCfg = ASan|x64
		{C68FB125-B7FC-435F-8D7A-0BDAC4966B54}.ASan|x64.Build.0 = ASan|x64
		{C68FB125-B7FC-435F-8D7A-0BDAC4966B54}.ASan|Win32.ActiveCfg = ASan|Win32
		{C68FB125-B7FC-435F-8D7A-0BDAC4966B54}.ASan|Win32.Build.0 = ASan|Win32
		{C68FB125-B7FC-435F-8D7A-0BDAC4966B54}.ASan|ARM64.ActiveCfg = ASan|ARM64
		{C68FB125-B7FC-435F-8D7A-0BDAC4966B54}.ASan|ARM64.Build.0 = ASan|ARM64
		{8EF335F7-9EA8-4140-8F82-D9E5B6C50B93}.Release|x64.ActiveCfg = Release|x64
		{8EF335F7-9EA8-4140-8F82-D9E5B6C50B93}.Release|x64.Build.0 = Release|x64
		{8EF335F7-9EA8-4140-8F82-D9E5B6C50B93}.Release|Win32.ActiveCfg = Release|Win32
		{8EF335F7-9EA8-4140-8F82-D9E5B6C50B93}.Release|Win32.Build.0 = Release|Win32
		{8EF335F7-9EA8-4140-8F82-D9E5B6C50B93}.Release|ARM64.ActiveCfg = Release|ARM64
		{8EF335F7-9EA8-4140-8F82-D9E5B6C50B93}.Release|ARM64.Build.0 = Release|ARM64
		{8EF335F7-9EA8-4140-8F82-D9E5B6C50B93}.Debug|x64.ActiveCfg = Debug|x64
		{8EF335F7-9EA8-4140-8F82-D9E5B6C50B93}.Debug|x64.Build.0 = Debug|x64
		{8EF335F7-9EA8-4140-8F82-D9E5B6C50B93}.Debug|Win32.ActiveCfg = Debug|Win32
		{8EF335F7-9EA8-4140-8F82-D9E5B6C50B93}.Debug|Win32.Build.0 = Debug|Win32
		{8EF335F7-9EA8-4140-8F82-D9E5B6C50B93}.Debug|ARM64.ActiveCfg = Debug|ARM64
		{8EF335F7-9EA8-4140-8F82-D9E5B6C50B93}.Debug|ARM64.Build.0 = Debug|ARM64
		{8EF335F7-9EA8-4140-8F82-D9E5B6C50B93}.ASan|x64.ActiveCfg = ASan|x64
		{8EF335F7-9EA8-4140-8F82-D9E5B6C50B93}.ASan|x64.Build.0 = ASan|x64
		{8EF335F7-9EA8-4140-8F82-D9E5B6C50B93}.ASan|Win32.ActiveCfg = ASan|Win32
		{8EF335F7-9EA8-4140-8F82-D9E5B6C50B93}.ASan|Win32.Build.0 = ASan|Win32
		{8EF335F7-9EA8-4140-8F82-D9E5B6C50B93}.ASan|ARM64.ActiveCfg = ASan|ARM64
		{8EF335F7-9EA8-4140-8F82-D9E5B6C50B93}.ASan|ARM64.Build.0 = ASan|ARM64
		{8AB1B28D-E8D0-C86B-0B6F-AFEE1B1F492A}.Release|x64.ActiveCfg = Release|x64
		{8AB1B28D-E8D0-C86B-0B6F-AFEE1B1F492A}.Release|x64.Build.0 = Release|x64
		{8AB1B28D-E8D0-C86B-0B6F-AFEE1B1F492A}.Release|Win32.ActiveCfg = Release|Win32
		{8AB1B28D-E8D0-C86B-0B6F-AFEE1B1F492A}.Release|Win32.Build.0 = Release|Win32
		{8AB1B28D-E8D0-C86B-0B6F-AFEE1B1F492A}.Release|ARM64.ActiveCfg = Release|ARM64
		{8AB1B28D-E8D0-C86B-0B6F-AFEE1B1F492A}.Release|ARM64.Build.0 = Release|ARM64
		{8AB1B28D-E8D0-C86B-0B6F-AFEE1B1F492A}.Debug|x64.ActiveCfg = Debug|x64
		{8AB1B28D-E8D0-C86B-0B6F-AFEE1B1F492A}.Debug|x64.Build.0 = Debug|x64
		{8AB1B28D-E8D0-C86B-0B6F-AFEE1B1F492A}.Debug|Win32.ActiveCfg = Debug|Win32
		{8AB1B28D-E8D0-C86B-0B6F-AFEE1B1F492A}.Debug|Win32.Build.0 = Debug|Win32
		{8AB1B28D-E8D0-C86B-0B6F-AFEE1B1F492A}.Debug|ARM64.ActiveCfg = Debug|ARM64
		{8AB1B28D-E8D0-C86B-0B6F-AFEE1B1F492A}.Debug|ARM64.Build.0 = Debug|ARM64
		{8AB1B28D-E8D0-C86B-0B6F-AFEE1B1F492A}.ASan|x64.ActiveCfg = ASan|x64
		{8AB1B28D-E8D0-C86B-0B6F-AFEE1B1F492A}.ASan|x64.Build.0 = ASan|x64
		{8AB1B28D-E8D0-C86B-0B6F-AFEE1B1F492A}.ASan|Win32.ActiveCfg = ASan|Win32
		{8AB1B28D-E8D0-C86B-0B6F-AFEE1B1F492A}.ASan|Win32.Build.0 = ASan|Win32
		{8AB1B28D-E8D0-C86B-0B6F-AFEE1B1F492A}.ASan|ARM64.ActiveCfg = ASan|ARM64
		{8AB1B28D-E8D0-C86B-0B6F-AFEE1B1F492A}.ASan|ARM64.Build.0 = ASan|ARM64
		{69D01EC5-E289-42A6-BF86-675E8589867C}.Release|x64.ActiveCfg = Release|x64
		{69D01EC5-E289-42A6-BF86-675E8589867C}.Release|x64.Build.0 = Release|x64
		{69D01EC5-E289-42A6-BF86-675E8589867C}.Release|Win32.ActiveCfg = Release|Win32
		{69D01EC5-E289-42A6-BF86-675E8589867C}.Release|Win32.Build.0 = Release|Win32
		{69D01EC5-E289-42A6-BF86-675E8589867C}.Release|ARM64.ActiveCfg = Release|ARM64
		{69D01EC5-E289-42A6-BF86-675E8589867C}.Release|ARM64.Build.0 = Release|ARM64
		{69D01EC5-E289-42A6-BF86-675E8589867C}.Debug|x64.ActiveCfg = Debug|x64
		{69D01EC5-E289-42A6-BF86-675E8589867C}.Debug|x64.Build.0 = Debug|x64
		{69D01EC5-E289-42A6-BF86-675E8589867C}.Debug|Win32.ActiveCfg = Debug|Win32
		{69D01EC5-E289-42A6-BF86-675E8589867C}.Debug|Win32.Build.0 = Debug|Win32
		{69D01EC5-E289-42A6-BF86-675E8589867C}.Debug|ARM64.ActiveCfg = Debug|ARM64
		{69D01EC5-E289-42A6-BF86-675E8589867C}.Debug|ARM64.Build.0 = Debug|ARM64
		{69D01EC5-E289-42A6-BF86-675E8589867C}.ASan|x64.ActiveCfg = ASan|x64
		{69D01EC5-E289-42A6-BF86-675E8589867C}.ASan|x64.Build.0 = ASan|x64
		{69D01EC5-E289-42A6-BF86-675E8589867C}.ASan|Win32.ActiveCfg = ASan|Win32
		{69D01EC5-E289-42A6-BF86-675E8589867C}.ASan|Win32.Build.0 = ASan|Win32
		{69D01EC5-E289-42A6-BF86-675E8589867C}.ASan|ARM64.ActiveCfg = ASan|ARM64
		{69D01EC5-E289-42A6-BF86-675E8589867C}.ASan|ARM64.Build.0 = ASan|ARM64
		{DEA8E410-57C4-CB4D-75A2-47FF6B45AF48}.Release|x64.ActiveCfg = Release|x64
		{DEA8E410-57C4-CB4D-75A2-47FF6B45AF48}.Release|x64.Build.0 = Release|x64
		{DEA8E410-57C4-CB4D-75A2-47FF6B45AF48}.Release|Win32.ActiveCfg = Release|Win32
		{DEA8E410-57C4-CB4D-75A2-47FF6B45AF48}.Release|Win32.Build.0 = Release|Win32
		{DEA8E410-57C4-CB4D-75A2-47FF6B45AF48}.Release|ARM64.ActiveCfg = Release|ARM64
		{DEA8E410-57C4-CB4D-75A2-47FF6B45AF48}.Release|ARM64.Build.0 = Release|ARM64
		{DEA8E410-57C4-CB4D-75A2-47FF6B45AF48}.Debug|x64.ActiveCfg = Debug|x64
		{DEA8E410-57C4-CB4D-75A2-47FF6B45AF48}.Debug|x64.Build.0 = Debug|x64
		{DEA8E410-57C4-CB4D-75A2-47FF6B45AF48}.Debug|Win32.ActiveCfg = Debug|Win32
		{DEA8E410-57C4-CB4D-75A2-47FF6B45AF48}.Debug|Win32.Build.0 = Debug|Win32
		{DEA8E410-57C4-CB4D-75A2-47FF6B45AF48}.Debug|ARM64.ActiveCfg = Debug|ARM64
		{DEA8E410-57C4-CB4D-75A2-47FF6B45AF48}.Debug|ARM64.Build.0 = Debug|ARM64
		{DEA8E410-57C4-CB4D-75A2-47FF6B45AF48}.ASan|x64.ActiveCfg = ASan|x64
		{DEA8E410-57C4-CB4D-75A2-47FF6B45AF48}.ASan|x64.Build.0 = ASan|x64
		{DEA8E410-57C4-CB4D-75A2-47FF6B45AF48}.ASan|Win32.ActiveCfg = ASan|Win32
		{DEA8E410-57C4-CB4D-75A2-47FF6B45AF48}.ASan|Win32.Build.0 = ASan|Win32
		{DEA8E410-57C4-CB4D-75A2-47FF6B45AF48}.ASan|ARM64.ActiveCfg = ASan|ARM64
		{DEA8E410-57C4-CB4D-75A2-47FF6B45AF48}.ASan|ARM64.Build.0 = ASan|ARM64
		{144A4F77-13B9-4D39-A1E2-EEE1EBAC45DF}.Release|x64.ActiveCfg = Release|x64
		{144A4F77-13B9-4D39-A1E2-EEE1EBAC45DF}.Release|x64.Build.0 = Release|x64
		{144A4F77-13B9-4D39-A1E2-EEE1EBAC45DF}.Release|Win32.ActiveCfg = Release|Win32
		{144A4F77-13B9-4D39-A1E2-EEE1EBAC45DF}.Release|Win32.Build.0 = Release|Win32
		{144A4F77-13B9-4D39-A1E2-EEE1EBAC45DF}.Release|ARM64.ActiveCfg = Release|ARM64
		{144A4F77-13B9-4D39-A1E2-EEE1EBAC45DF}.Release|ARM64.Build.0 = Release|ARM64
		{144A4F77-13B9-4D39-A1E2-EEE1EBAC45DF}.Debug|x64.ActiveCfg = Debug|x64
		{144A4F77-13B9-4D39-A1E2-EEE1EBAC45DF}.Debug|x64.Build.0 = Debug|x64
		{144A4F77-13B9-4D39-A1E2-EEE1EBAC45DF}.Debug|Win32.ActiveCfg = Debug|Win32
		{144A4F77-13B9-4D39-A1E2-EEE1EBAC45DF}.Debug|Win32.Build.0 = Debug|Win32
		{144A4F77-13B9-4D39-A1E2-EEE1EBAC45DF}.Debug|ARM64.ActiveCfg = Debug|ARM64
		{144A4F77-13B9-4D39-A1E2-EEE1EBAC45DF}.Debug|ARM64.Build.0 = Debug|ARM64
		{144A4F77-13B9-4D39-A1E2-EEE1EBAC45DF}.ASan|x64.ActiveCfg = ASan|x64
		{144A4F77-13B9-4D39-A1E2-EEE1EBAC45DF}.ASan|x64.Build.0 = ASan|x64
		{144A4F77-13B9-4D39-A1E2-EEE1EBAC45DF}.ASan|Win32.ActiveCfg = ASan|Win32
		{144A4F77-13B9-4D39-A1E2-EEE1EBAC45DF}.ASan|Win32.Build.0 = ASan|Win32
		{144A4F77-13B9-4D39-A1E2-EEE1EBAC45DF}.ASan|ARM64.ActiveCfg = ASan|ARM64
		{144A4F77-13B9-4D39-A1E2-EEE1EBAC45DF}.ASan|ARM64.Build.0 = ASan|ARM64
		{18584485-5166-EED4-0482-4F86A3A117B9}.Release|x64.ActiveCfg = Release|x64
		{18584485-5166-EED4-0482-4F86A3A117B9}.Release|x64.Build.0 = Release|x64
		{18584485-5166-EED4-0482-4F86A3A117B9}.Release|Win32.ActiveCfg = Release|Win32
		{18584485-5166-EED4-0482-4F86A3A117B9}.Release|Win32.Build.0 = Release|Win32
		{18584485-5166-EED4-0482-4F86A3A117B9}.Release|ARM64.ActiveCfg = Release|ARM64
		{18584485-5166-EED4-0482-4F86A3A117B9}.Release|ARM64.Build.0 = Release|ARM64
		{18584485-5166-EED4-0482-4F86A3A117B9}.Debug|x64.ActiveCfg = Debug|x64
		{18584485-5166-EED4-0482-4F86A3A117B9}.Debug|x64.Build.0 = Debug|x64
		{18584485-5166-EED4-0482-4F86A3A117B9}.Debug|Win32.ActiveCfg = Debug|Win32
		{18584485-5166-EED4-0482-4F86A3A117B9}.Debug|Win32.Build.0 = Debug|Win32
		{18584485-5166-EED4-0482-4F86A3A117B9}.Debug|ARM64.ActiveCfg = Debug|ARM64
		{18584485-5166-EED4-0482-4F86A3A117B9}.Debug|ARM64.Build.0 = Debug|ARM64
		{18584485-5166-EED4-0482-4F86A3A117B9}.ASan|x64.ActiveCfg = ASan|x64
		{18584485-5166-EED4-0482-4F86A3A117B9}.ASan|x64.Build.0 = ASan|x64
		{18584485-5166-EED4-0482-4F86A3A117B9}.ASan|Win32.ActiveCfg = ASan|Win32
		{18584485-5166-EED4-0482-4F86A3A117B9}.ASan|Win32.Build.0 = ASan|Win32
		{18584485-5166-EED4-0482-4F86A3A117B9}.ASan|ARM64.ActiveCfg = ASan|ARM64
		{18584485-5166-EED4-0482-4F86A3A117B9}.ASan|ARM64.Build.0 = ASan|ARM64
		{B0F2FEB3-ED77-4F80-B141-969C836AA99F}.Release|x64.ActiveCfg = Release|x64
		{B0F2FEB3-ED77-4F80-B141-969C836AA99F}.Release|x64.Build.0 = Release|x64
		{B0F2FEB3-ED77-4F80-B141-969C836AA99F}.Release|Win32.ActiveCfg = Release|Win32
		{B0F2FEB3-ED77-4F80-B141-969C836AA99F}.Release|Win32.Build.0 = Release|Win32
		{B0F2FEB3-ED77-4F80-B141-969C836AA99F}.Release|ARM64.ActiveCfg = Release|ARM64
		{B0F2FEB3-ED77-4F80-B141-969C836AA99F}.Release|ARM64.Build.0 = Release|ARM64
		{B0F2FEB3-ED77-4F80-B141-969C836AA99F}.Debug|x64.ActiveCfg = Debug|x64
		{B0F2FEB3-ED77-4F80-B141-969C836AA99F}.Debug|x64.Build.0 = Debug|x64
		{B0F2FEB3-ED77-4F80-B141-969C836AA99F}.Debug|Win32.ActiveCfg = Debug|Win32
		{B0F2FEB3-ED77-4F80-B141-969C836AA99F}.Debug|Win32.Build.0 = Debug|Win32
		{B0F2FEB3-ED77-4F80-B141-969C836AA99F}.Debug|ARM64.ActiveCfg = Debug|ARM64
		{B0F2FEB3-ED77-4F80-B141-969C836AA99F}.Debug|ARM64.Build.0 = Debug|ARM64
		{B0F2FEB3-ED77-4F80-B141-969C836AA99F}.ASan|x64.ActiveCfg = ASan|x64
		{B0F2FEB3-ED77-4F80-B141-969C836AA99F}.ASan|x64.Build.0 = ASan|x64
		{B0F2FEB3-ED77-4F80-B141-969C836AA99F}.ASan|Win32.ActiveCfg = ASan|Win32
		{B0F2FEB3-ED77-4F80-B141-969C836AA99F}.ASan|Win32.Build.0 = ASan|Win32
		{B0F2FEB3-ED77-4F80-B141-969C836AA99F}.ASan|ARM64.ActiveCfg = ASan|ARM64
		{B0F2FEB3-ED77-4F80-B141-969C836AA99F}.ASan|ARM64.Build.0 = ASan|ARM64
		{5238597F-8821-43A9-96F1-4F3DDC3C6CE9}.Release|x64.ActiveCfg = Release|x64
		{5238597F-8821-43A9-96F1-4F3DDC3C6CE9}.Release|x64.Build.0 = Release|x64
		{5238597F-8821-43A9-96F1-4F3DDC3C6CE9}.Release|Win32.ActiveCfg = Release|Win32
		{5238597F-8821-43A9-96F1-4F3DDC3C6CE9}.Release|Win32.Build.0 = Release|Win32
		{5238597F-8821-43A9-96F1-4F3DDC3C6CE9}.Release|ARM64.ActiveCfg = Release|ARM64
		{5238597F-8821-43A9-96F1-4F3DDC3C6CE9}.Release|ARM64.Build.0 = Release|ARM64
		{5238597F-8821-43A9-96F1-4F3DDC3C6CE9}.Debug|x64.ActiveCfg = Debug|x64
		{5238597F-8821-43A9-96F1-4F3DDC3C6CE9}.Debug|x64.Build.0 = Debug|x64
		{5238597F-8821-43A9-96F1-4F3DDC3C6CE9}.Debug|Win32.ActiveCfg = Debug|Win32
		{5238597F-8821-43A9-96F1-4F3DDC3C6CE9}.Debug|Win32.Build.0 = Debug|Win32
		{5238597F-8821-43A9-96F1-4F3DDC3C6CE9}.Debug|ARM64.ActiveCfg = Debug|ARM64
		{5238597F-8821-43A9-96F1-4F3DDC3C6CE9}.Debug|ARM64.Build.0 = Debug|ARM64
		{5238597F-8821-43A9-96F1-4F3DDC3C6CE9}.ASan|x64.ActiveCfg = ASan|x64
		{5238597F-8821-43A9-96F1-4F3DDC3C6CE9}.ASan|x64.Build.0 = ASan|x64
		{5238597F-8821-43A9-96F1-4F3DDC3C6CE9}.ASan|Win32.ActiveCfg = ASan|Win32
		{5238597F-8821-43A9-96F1-4F3DDC3C6CE9}.ASan|Win32.Build.0 = ASan|Win32
		{5238597F-8821-43A9-96F1-4F3DDC3C6CE9}.ASan|ARM64.ActiveCfg = ASan|ARM64
		{5238597F-8821-43A9-96F1-4F3DDC3C6CE9}.ASan|ARM64.Build.0 = ASan|ARM64
		{51F7D277-1231-AFCF-A2A6-F5DEEE996507}.Release|x64.ActiveCfg = Release|x64
		{51F7D277-1231-AFCF-A2A6-F5DEEE996507}.Release|x64.Build.0 = Release|x64
		{51F7D277-1231-AFCF-A2A6-F5DEEE996507}.Release|Win32.ActiveCfg = Release|Win32
		{51F7D277-1231-AFCF-A2A6-F5DEEE996507}.Release|Win32.Build.0 = Release|Win32
		{51F7D277-1231-AFCF-A2A6-F5DEEE996507}.Release|ARM64.ActiveCfg = Release|ARM64
		{51F7D277-1231-AFCF-A2A6-F5DEEE996507}.Release|ARM64.Build.0 = Release|ARM64
		{51F7D277-1231-AFCF-A2A6-F5DEEE996507}.Debug|x64.ActiveCfg = Debug|x64
		{51F7D277-1231-AFCF-A2A6-F5DEEE996507}.Debug|x64.Build.0 = Debug|x64
		{51F7D277-1231-AFCF-A2A6-F5DEEE996507}.Debug|Win32.ActiveCfg = Debug|Win32
		{51F7D277-1231-AFCF-A2A6-F5DEEE996507}.Debug|Win32.Build.0 = Debug|Win32
		{51F7D277-1231-AFCF-A2A6-F5DEEE996507}.Debug|ARM64.ActiveCfg = Debug|ARM64
		{51F7D277-1231-AFCF-A2A6-F5DEEE996507}.Debug|ARM64.Build.0 = Debug|ARM64
		{51F7D277-1231-AFCF-A2A6-F5DEEE996507}.ASan|x64.ActiveCfg = ASan|x64
		{51F7D277-1231-AFCF-A2A6-F5DEEE996507}.ASan|x64.Build.0 = ASan|x64
		{51F7D277-1231-AFCF-A2A6-F5DEEE996507}.ASan|Win32.ActiveCfg = ASan|Win32
		{51F7D277-1231-AFCF-A2A6-F5DEEE996507}.ASan|Win32.Build.0 = ASan|Win32
		{51F7D277-1231-AFCF-A2A6-F5DEEE996507}.ASan|ARM64.ActiveCfg = ASan|ARM64
		{51F7D277-1231-AFCF-A2A6-F5DEEE996507}.ASan|ARM64.Build.0 = ASan|ARM64
		{5238597F-8821-43A9-96F1-4F3DDC3C6C00}.Release|x64.ActiveCfg = Release|x64
		{5238597F-8821-43A9-96F1-4F3DDC3C6C00}.Release|x64.Build.0 = Release|x64
		{5238597F-8821-43A9-96F1-4F3DDC3C6C00}.Release|Win32.ActiveCfg = Release|Win32
		{5238597F-8821-43A9-96F1-4F3DDC3C6C00}.Release|Win32.Build.0 = Release|Win32
		{5238597F-8821-43A9-96F1-4F3DDC3C6C00}.Release|ARM64.ActiveCfg = Release|ARM64
		{5238597F-8821-43A9-96F1-4F3DDC3C6C00}.Release|ARM64.Build.0 = Release|ARM64
		{5238597F-8821-43A9-96F1-4F3DDC3C6C00}.Debug|x64.ActiveCfg = Debug|x64
		{5238597F-8821-43A9-96F1-4F3DDC3C6C00}.Debug|x64.Build.0 = Debug|x64
		{5238597F-8821-43A9-96F1-4F3DDC3C6C00}.Debug|Win32.ActiveCfg = Debug|Win32
		{5238597F-8821-43A9-96F1-4F3DDC3C6C00}.Debug|Win32.Build.0 = Debug|Win32
		{5238597F-8821-43A9-96F1-4F3DDC3C6C00}.Debug|ARM64.ActiveCfg = Debug|ARM64
		{5238597F-8821-43A9-96F1-4F3DDC3C6C00}.Debug|ARM64.Build.0 = Debug|ARM64
		{5238597F-8821-43A9-96F1-4F3DDC3C6C00}.ASan|x64.ActiveCfg = ASan|x64
		{5238597F-8821-43A9-96F1-4F3DDC3C6C00}.ASan|x64.Build.0 = ASan|x64
		{5238597F-8821-43A9-96F1-4F3DDC3C6C00}.ASan|Win32.ActiveCfg = ASan|Win32
		{5238597F-8821-43A9-96F1-4F3DDC3C6C00}.ASan|Win32.Build.0 = ASan|Win32
		{5238597F-8821-43A9-96F1-4F3DDC3C6C00}.ASan|ARM64.ActiveCfg = ASan|ARM64
		{5238597F-8821-43A9-96F1-4F3DDC3C6C00}.ASan|ARM64.Build.0 = ASan|ARM64
		{F06F034C-8A23-4E3B-8440-762F7D021766}.Release|x64.ActiveCfg = Release|x64
		{F06F034C-8A23-4E3B-8440-762F7D021766}.Release|x64.Build.0 = Release|x64
		{F06F034C-8A23-4E3B-8440-762F7D021766}.Release|Win32.ActiveCfg = Release|Win32
		{F06F034C-8A23-4E3B-8440-762F7D021766}.Release|Win32.Build.0 = Release|Win32
		{F06F034C-8A23-4E3B-8440-762F7D021766}.Release|ARM64.ActiveCfg = Release|ARM64
		{F06F034C-8A23-4E3B-8440-762F7D021766}.Release|ARM64.Build.0 = Release|ARM64
		{F06F034C-8A23-4E3B-8440-762F7D021766}.Debug|x64.ActiveCfg = Debug|x64
		{F06F034C-8A23-4E3B-8440-762F7D021766}.Debug|x64.Build.0 = Debug|x64
		{F06F034C-8A23-4E3B-8440-762F7D021766}.Debug|Win32.ActiveCfg = Debug|Win32
		{F06F034C-8A23-4E3B-8440-762F7D021766}.Debug|Win32.Build.0 = Debug|Win32
		{F06F034C-8A23-4E3B-8440-762F7D021766}.Debug|ARM64.ActiveCfg = Debug|ARM64
		{F06F034C-8A23-4E3B-8440-762F7D021766}.Debug|ARM64.Build.0 = Debug|ARM64
		{F06F034C-8A23-4E3B-8440-762F7D021766}.ASan|x64.ActiveCfg = ASan|x64
		{F06F034C-8A23-4E3B-8440-762F7D021766}.ASan|x64.Build.0 = ASan|x64
		{F06F034C-8A23-4E3B-8440-762F7D021766}.ASan|Win32.ActiveCfg = ASan|Win32
		{F06F034C-8A23-4E3B-8440-762F7D021766}.ASan|Win32.Build.0 = ASan|Win32
		{F06F034C-8A23-4E3B-8440-762F7D021766}.ASan|ARM64.ActiveCfg = ASan|ARM64
		{F06F034C-8A23-4E3B-8440-762F7D021766}.ASan|ARM64.Build.0 = ASan|ARM64
		{F785C5F3-F4C4-4DB1-8C26-78492C652C91}.Release|x64.ActiveCfg = Release|x64
		{F785C5F3-F4C4-4DB1-8C26-78492C652C91}.Release|x64.Build.0 = Release|x64
		{F785C5F3-F4C4-4DB1-8C26-78492C652C91}.Release|Win32.ActiveCfg = Release|Win32
		{F785C5F3-F4C4-4DB1-8C26-78492C652C91}.Release|Win32.Build.0 = Release|Win32
		{F785C5F3-F4C4-4DB1-8C26-78492C652C91}.Release|ARM64.ActiveCfg = Release|ARM64
		{F785C5F3-F4C4-4DB1-8C26-78492C652C91}.Release|ARM64.Build.0 = Release|ARM64
		{F785C5F3-F4C4-4DB1-8C26-78492C652C91}.Debug|x64.ActiveCfg = Debug|x64
		{F785C5F3-F4C4-4DB1-8C26-78492C652C91}.Debug|x64.Build.0 = Debug|x64
		{F785C5F3-F4C4-4DB1-8C26-78492C652C91}.Debug|Win32.ActiveCfg = Debug|Win32
		{F785C5F3-F4C4-4DB1-8C26-78492C652C91}.Debug|Win32.Build.0 = Debug|Win32
		{F785C5F3-F4C4-4DB1-8C26-78492C652C91}.Debug|ARM64.ActiveCfg = Debug|ARM64
		{F785C5F3-F4C4-4DB1-8C26-78492C652C91}.Debug|ARM64.Build.0 = Debug|ARM64
		{F785C5F3-F4C4-4DB1-8C26-78492C652C91}.ASan|x64.ActiveCfg = ASan|x64
		{F785C5F3-F4C4-4DB1-8C26-78492C652C91}.ASan|x64.Build.0 = ASan|x64
		{F785C5F3-F4C4-4DB1-8C26-78492C652C91}.ASan|Win32.ActiveCfg = ASan|Win32
		{F785C5F3-F4C4-4DB1-8C26-78492C652C91}.ASan|Win32.Build.0 = ASan|Win32
		{F785C5F3-F4C4-4DB1-8C26-78492C652C91}.ASan|ARM64.ActiveCfg = ASan|ARM64
		{F785C5F3-F4C4-4DB1-8C26-78492C652C91}.ASan|ARM64.Build.0 = ASan|ARM64
		{0FAD0FE4-EE1A-411B-2439-A8027B5EE4AA}.Release|x64.ActiveCfg = Release|x64
		{0FAD0FE4-EE1A-411B-2439-A8027B5EE4AA}.Release|x64.Build.0 = Release|x64
		{0FAD0FE4-EE1A-411B-2439-A8027B5EE4AA}.Release|Win32.ActiveCfg = Release|Win32
		{0FAD0FE4-EE1A-411B-2439-A8027B5EE4AA}.Release|Win32.Build.0 = Release|Win32
		{0FAD0FE4-EE1A-411B-2439-A8027B5EE4AA}.Release|ARM64.ActiveCfg = Release|ARM64
		{0FAD0FE4-EE1A-411B-2439-A8027B5EE4AA}.Release|ARM64.Build.0 = Release|ARM64
		{0FAD0FE4-EE1A-411B-2439-A8027B5EE4AA}.Debug|x64.ActiveCfg = Debug|x64
		{0FAD0FE4-EE1A-411B-2439-A8027B5EE4AA}.Debug|x64.Build.0 = Debug|x64
		{0FAD0FE4-EE1A-411B-2439-A8027B5EE4AA}.Debug|Win32.ActiveCfg = Debug|Win32
		{0FAD0FE4-EE1A-411B-2439-A8027B5EE4AA}.Debug|Win32.Build.0 = Debug|Win32
		{0FAD0FE4-EE1A-411B-2439-A8027B5EE4AA}.Debug|ARM64.ActiveCfg = Debug|ARM64
		{0FAD0FE4-EE1A-411B-2439-A8027B5EE4AA}.Debug|ARM64.Build.0 = Debug|ARM64
		{0FAD0FE4-EE1A-411B-2439-A8027B5EE4AA}.ASan|x64.ActiveCfg = ASan|x64
		{0FAD0FE4-EE1A-411B-2439-A8027B5EE4AA}.ASan|x64.Build.0 = ASan|x64
		{0FAD0FE4-EE1A-411B-2439-A8027B5EE4AA}.ASan|Win32.ActiveCfg = ASan|Win32
		{0FAD0FE4-EE1A-411B-2439-A8027B5EE4AA}.ASan|Win32.Build.0 = ASan|Win32
		{0FAD0FE4-EE1A-411B-2439-A8027B5EE4AA}.ASan|ARM64.ActiveCfg = ASan|ARM64
		{0FAD0FE4-EE1A-411B-2439-A8027B5EE4AA}.ASan|ARM64.Build.0 = ASan|ARM64
		{CCA5704C-96BE-4B72-A71F-5163D241C8C7}.Release|x64.ActiveCfg = Release|x64
		{CCA5704C-96BE-4B72-A71F-5163D241C8C7}.Release|x64.Build.0 = Release|x64
		{CCA5704C-96BE-4B72-A71F-5163D241C8C7}.Release|Win32.ActiveCfg = Release|Win32
		{CCA5704C-96BE-4B72-A71F-5163D241C8C7}.Release|Win32.Build.0 = Release|Win32
		{CCA5704C-96BE-4B72-A71F-5163D241C8C7}.Release|ARM64.ActiveCfg = Release|ARM64
		{CCA5704C-96BE-4B72-A71F-5163D241C8C7}.Release|ARM64.Build.0 = Release|ARM64
		{CCA5704C-96BE-4B72-A71F-5163D241C8C7}.Debug|x64.ActiveCfg = Debug|x64
		{CCA5704C-96BE-4B72-A71F-5163D241C8C7}.Debug|x64.Build.0 = Debug|x64
		{CCA5704C-96BE-4B72-A71F-5163D241C8C7}.Debug|Win32.ActiveCfg = Debug|Win32
		{CCA5704C-96BE-4B72-A71F-5163D241C8C7}.Debug|Win32.Build.0 = Debug|Win32
		{CCA5704C-96BE-4B72-A71F-5163D241C8C7}.Debug|ARM64.ActiveCfg = Debug|ARM64
		{CCA5704C-96BE-4B72-A71F-5163D241C8C7}.Debug|ARM64.Build.0 = Debug|ARM64
		{CCA5704C-96BE-4B72-A71F-5163D241C8C7}.ASan|x64.ActiveCfg = ASan|x64
		{CCA5704C-96BE-4B72-A71F-5163D241C8C7}.ASan|x64.Build.0 = ASan|x64
		{CCA5704C-96BE-4B72-A71F-5163D241C8C7}.ASan|Win32.ActiveCfg = ASan|Win32
		{CCA5704C-96BE-4B72-A71F-5163D241C8C7}.ASan|Win32.Build.0 = ASan|Win32
		{CCA5704C-96BE-4B72-A71F-5163D241C8C7}.ASan|ARM64.ActiveCfg = ASan|ARM64
		{CCA5704C-96BE-4B72-A71F-5163D241C8C7}.ASan|ARM64.Build.0 = ASan|ARM64
		{D2525702-2876-BD99-5DAE-BD76C4B7789A}.Release|x64.ActiveCfg = Release|x64
		{D2525702-2876-BD99-5DAE-BD76C4B7789A}.Release|x64.Build.0 = Release|x64
		{D2525702-2876-BD99-5DAE-BD76C4B7789A}.Release|Win32.ActiveCfg = Release|Win32
		{D2525702-2876-BD99-5DAE-BD76C4B7789A}.Release|Win32.Build.0 = Release|Win32
		{D2525702-2876-BD99-5DAE-BD76C4B7789A}.Release|ARM64.ActiveCfg = Release|ARM64
		{D2525702-2876-BD99-5DAE-BD76C4B7789A}.Release|ARM64.Build.0 = Release|ARM64
		{D2525702-2876-BD99-5DAE-BD76C4B7789A}.Debug|x64.ActiveCfg = Debug|x64
		{D2525702-2876-BD99-5DAE-BD76C4B7789A}.Debug|x64.Build.0 = Debug|x64
		{D2525702-2876-BD99-5DAE-BD76C4B7789A}.Debug|Win32.ActiveCfg = Debug|Win32
		{D2525702-2876-BD99-5DAE-BD76C4B7789A}.Debug|Win32.Build.0 = Debug|Win32
		{D2525702-2876-BD99-5DAE-BD76C4B7789A}.Debug|ARM64.ActiveCfg = Debug|ARM64
		{D2525702-2876-BD99-5DAE-BD76C4B7789A}.Debug|ARM64.Build.0 = Debug|ARM64
		{D2525702-2876-BD99-5DAE-BD76C4B7789A}.ASan|x64.ActiveCfg = ASan|x64
		{D2525702-2876-BD99-5DAE-BD76C4B7789A}.ASan|x64.Build.0 = ASan|x64
		{D2525702-2876-BD99-5DAE-BD76C4B7789A}.ASan|Win32.ActiveCfg = ASan|Win32
		{D2525702-2876-BD99-5DAE-BD76C4B7789A}.ASan|Win32.Build.0 = ASan|Win32
		{D2525702-2876-BD99-5DAE-BD76C4B7789A}.ASan|ARM64.ActiveCfg = ASan|ARM64
		{D2525702-2876-BD99-5DAE-BD76C4B7789A}.ASan|ARM64.Build.0 = ASan|ARM64
		{B3475BA2-E0DC-436E-9A1B-855654992219}.Release|x64.ActiveCfg = Release|x64
		{B3475BA2-E0DC-436E-9A1B-855654992219}.Release|x64.Build.0 = Release|x64
		{B3475BA2-E0DC-436E-9A1B-855654992219}.Release|Win32.ActiveCfg = Release|Win32
		{B3475BA2-E0DC-436E-9A1B-855654992219}.Release|Win32.Build.0 = Release|Win32
		{B3475BA2-E0DC-436E-9A1B-855654992219}.Release|ARM64.ActiveCfg = Release|ARM64
		{B3475BA2-E0DC-436E-9A1B-855654992219}.Release|ARM64.Build.0 = Release|ARM64
		{B3475BA2-E0DC-436E-9A1B-855654992219}.Debug|x64.ActiveCfg = Debug|x64
		{B3475BA2-E0DC-436E-9A1B-855654992219}.Debug|x64.Build.0 = Debug|x64
		{B3475BA2-E0DC-436E-9A1B-855654992219}.Debug|Win32.ActiveCfg = Debug|Win32
		{B3475BA2-E0DC-436E-9A1B-855654992219}.Debug|Win32.Build.0 = Debug|Win32
		{B3475BA2-E0DC-436E-9A1B-855654992219}.Debug|ARM64.ActiveCfg = Debug|ARM64
		{B3475BA2-E0DC-436E-9A1B-855654992219}.Debug|ARM64.Build.0 = Debug|ARM64
		{B3475BA2-E0DC-436E-9A1B-855654992219}.ASan|x64.ActiveCfg = ASan|x64
		{B3475BA2-E0DC-436E-9A1B-855654992219}.ASan|x64.Build.0 = ASan|x64
		{B3475BA2-E0DC-436E-9A1B-855654992219}.ASan|Win32.ActiveCfg = ASan|Win32
		{B3475BA2-E0DC-436E-9A1B-855654992219}.ASan|Win32.Build.0 = ASan|Win32
		{B3475BA2-E0DC-436E-9A1B-855654992219}.ASan|ARM64.ActiveCfg = ASan|ARM64
		{B3475BA2-E0DC-436E-9A1B-855654992219}.ASan|ARM64.Build.0 = ASan|ARM64
		{5FE4036B-AFBF-4252-9B13-D54D1F866973}.Release|x64.ActiveCfg = Release|x64
		{5FE4036B-AFBF-4252-9B13-D54D1F866973}.Release|x64.Build.0 = Release|x64
		{5FE4036B-AFBF-4252-9B13-D54D1F866973}.Release|Win32.ActiveCfg = Release|Win32
		{5FE4036B-AFBF-4252-9B13-D54D1F866973}.Release|Win32.Build.0 = Release|Win32
		{5FE4036B-AFBF-4252-9B13-D54D1F866973}.Release|ARM64.ActiveCfg = Release|ARM64
		{5FE4036B-AFBF-4252-9B13-D54D1F866973}.Release|ARM64.Build.0 = Release|ARM64
		{5FE4036B-AFBF-4252-9B13-D54D1F866973}.Debug|x64.ActiveCfg = Debug|x64
		{5FE4036B-AFBF-4252-9B13-D54D1F866973}.Debug|x64.Build.0 = Debug|x64
		{5FE4036B-AFBF-4252-9B13-D54D1F866973}.Debug|Win32.ActiveCfg = Debug|Win32
		{5FE4036B-AFBF-4252-9B13-D54D1F866973}.Debug|Win32.Build.0 = Debug|Win32
		{5FE4036B-AFBF-4252-9B13-D54D1F866973}.Debug|ARM64.ActiveCfg = Debug|ARM64
		{5FE4036B-AFBF-4252-9B13-D54D1F866973}.Debug|ARM64.Build.0 = Debug|ARM64
		{5FE4036B-AFBF-4252-9B13-D54D1F866973}.ASan|x64.ActiveCfg = ASan|x64
		{5FE4036B-AFBF-4252-9B13-D54D1F866973}.ASan|x64.Build.0 = ASan|x64
		{5FE4036B-AFBF-4252-9B13-D54D1F866973}.ASan|Win32.ActiveCfg = ASan|Win32
		{5FE4036B-AFBF-4252-9B13-D54D1F866973}.ASan|Win32.Build.0 = ASan|Win32
		{5FE4036B-AFBF-4252-9B13-D54D1F866973}.ASan|ARM64.ActiveCfg = ASan|ARM64
		{5FE4036B-AFBF-4252-9B13-D54D1F866973}.ASan|ARM64.Build.0 = ASan|ARM64
		{2BA3D113-883D-7457-B2AD-00B7841023B7}.Release|x64.ActiveCfg = Release|x64
		{2BA3D113-883D-7457-B2AD-00B7841023B7}.Release|x64.Build.0 = Release|x64
		{2BA3D113-883D-7457-B2AD-00B7841023B7}.Release|Win32.ActiveCfg = Release|Win32
		{2BA3D113-883D-7457-B2AD-00B7841023B7}.Release|Win32.Build.0 = Release|Win32
		{2BA3D113-883D-7457-B2AD-00B7841023B7}.Release|ARM64.ActiveCfg = Release|ARM64
		{2BA3D113-883D-7457-B2AD-00B7841023B7}.Release|ARM64.Build.0 = Release|ARM64
		{2BA3D113-883D-7457-B2AD-00B7841023B7}.Debug|x64.ActiveCfg = Debug|x64
		{2BA3D113-883D-7457-B2AD-00B7841023B7}.Debug|x64.Build.0 = Debug|x64
		{2BA3D113-883D-7457-B2AD-00B7841023B7}.Debug|Win32.ActiveCfg = Debug|Win32
		{2BA3D113-883D-7457-B2AD-00B7841023B7}.Debug|Win32.Build.0 = Debug|Win32
		{2BA3D113-883D-7457-B2AD-00B7841023B7}.Debug|ARM64.ActiveCfg = Debug|ARM64
		{2BA3D113-883D-7457-B2AD-00B7841023B7}.Debug|ARM64.Build.0 = Debug|ARM64
		{2BA3D113-883D-7457-B2AD-00B7841023B7}.ASan|x64.ActiveCfg = ASan|x64
		{2BA3D113-883D-7457-B2AD-00B7841023B7}.ASan|x64.Build.0 = ASan|x64
		{2BA3D113-883D-7457-B2AD-00B7841023B7}.ASan|Win32.ActiveCfg = ASan|Win32
		{2BA3D113-883D-7457-B2AD-00B7841023B7}.ASan|Win32.Build.0 = ASan|Win32
		{2BA3D113-883D-7457-B2AD-00B7841023B7}.ASan|ARM64.ActiveCfg = ASan|ARM64
		{2BA3D113-883D-7457-B2AD-00B7841023B7}.ASan|ARM64.Build.0 = ASan|ARM64
		{6C2F6CDD-9579-4837-A5D9-032760EDEC86}.Release|x64.ActiveCfg = Release|x64
		{6C2F6CDD-9579-4837-A5D9-032760EDEC86}.Release|x64.Build.0 = Release|x64
		{6C2F6CDD-9579-4837-A5D9-032760EDEC86}.Release|Win32.ActiveCfg = Release|Win32
		{6C2F6CDD-9579-4837-A5D9-032760EDEC86}.Release|Win32.Build.0 = Release|Win32
		{6C2F6CDD-9579-4837-A5D9-032760EDEC86}.Release|ARM64.ActiveCfg = Release|ARM64
		{6C2F6CDD-9579-4837-A5D9-032760EDEC86}.Release|ARM64.Build.0 = Release|ARM64
		{6C2F6CDD-9579-4837-A5D9-032760EDEC86}.Debug|x64.ActiveCfg = Debug|x64
		{6C2F6CDD-9579-4837-A5D9-032760EDEC86}.Debug|x64.Build.0 = Debug|x64
		{6C2F6CDD-9579-4837-A5D9-032760EDEC86}.Debug|Win32.ActiveCfg = Debug|Win32
		{6C2F6CDD-9579-4837-A5D9-032760EDEC86}.Debug|Win32.Build.0 = Debug|Win32
		{6C2F6CDD-9579-4837-A5D9-032760EDEC86}.Debug|ARM64.ActiveCfg = Debug|ARM64
		{6C2F6CDD-9579-4837-A5D9-032760EDEC86}.Debug|ARM64.Build.0 = Debug|ARM64
		{6C2F6CDD-9579-4837-A5D9-032760EDEC86}.ASan|x64.ActiveCfg = ASan|x64
		{6C2F6CDD-9579-4837-A5D9-032760EDEC86}.ASan|x64.Build.0 = ASan|x64
		{6C2F6CDD-9579-4837-A5D9-032760EDEC86}.ASan|Win32.ActiveCfg = ASan|Win32
		{6C2F6CDD-9579-4837-A5D9-032760EDEC86}.ASan|Win32.Build.0 = ASan|Win32
		{6C2F6CDD-9579-4837-A5D9-032760EDEC86}.ASan|ARM64.ActiveCfg = ASan|ARM64
		{6C2F6CDD-9579-4837-A5D9-032760EDEC86}.ASan|ARM64.Build.0 = ASan|ARM64
		{BD170FFA-A239-BB3D-043B-B698451A7EC1}.Release|x64.ActiveCfg = Release|x64
		{BD170FFA-A239-BB3D-043B-B698451A7EC1}.Release|x64.Build.0 = Release|x64
		{BD170FFA-A239-BB3D-043B-B698451A7EC1}.Release|Win32.ActiveCfg = Release|Win32
		{BD170FFA-A239-BB3D-043B-B698451A7EC1}.Release|Win32.Build.0 = Release|Win32
		{BD170FFA-A239-BB3D-043B-B698451A7EC1}.Release|ARM64.ActiveCfg = Release|ARM64
		{BD170FFA-A239-BB3D-043B-B698451A7EC1}.Release|ARM64.Build.0 = Release|ARM64
		{BD170FFA-A239-BB3D-043B-B698451A7EC1}.Debug|x64.ActiveCfg = Debug|x64
		{BD170FFA-A239-BB3D-043B-B698451A7EC1}.Debug|x64.Build.0 = Debug|x64
		{BD170FFA-A239-BB3D-043B-B698451A7EC1}.Debug|Win32.ActiveCfg = Debug|Win32
		{BD170FFA-A239-BB3D-043B-B698451A7EC1}.Debug|Win32.Build.0 = Debug|Win32
		{BD170FFA-A239-BB3D-043B-B698451A7EC1}.Debug|ARM64.ActiveCfg = Debug|ARM64
		{BD170FFA-A239-BB3D-043B-B698451A7EC1}.Debug|ARM64.Build.0 = Debug|ARM64
		{BD170FFA-A239-BB3D-043B-B698451A7EC1}.ASan|x64.ActiveCfg = ASan|x64
		{BD170FFA-A239-BB3D-043B-B698451A7EC1}.ASan|x64.Build.0 = ASan|x64
		{BD170FFA-A239-BB3D-043B-B698451A7EC1}.ASan|Win32.ActiveCfg = ASan|Win32
		{BD170FFA-A239-BB3D-043B-B698451A7EC1}.ASan|Win32.Build.0 = ASan|Win32
		{BD170FFA-A239-BB3D-043B-B698451A7EC1}.ASan|ARM64.ActiveCfg = ASan|ARM64
		{BD170FFA-A239-BB3D-043B-B698451A7EC1}.ASan|ARM64.Build.0 = ASan|ARM64
		{131DF2F7-2B83-4366-B945-E8900276D4AC}.Release|x64.ActiveCfg = Release|x64
		{131DF2F7-2B83-4366-B945-E8900276D4AC}.Release|x64.Build.0 = Release|x64
		{131DF2F7-2B83-4366-B945-E8900276D4AC}.Release|Win32.ActiveCfg = Release|Win32
		{131DF2F7-2B83-4366-B945-E8900276D4AC}.Release|Win32.Build.0 = Release|Win32
		{131DF2F7-2B83-4366-B945-E8900276D4AC}.Release|ARM64.ActiveCfg = Release|ARM64
		{131DF2F7-2B83-4366-B945-E8900276D4AC}.Release|ARM64.Build.0 = Release|ARM64
		{131DF2F7-2B83-4366-B945-E8900276D4AC}.Debug|x64.ActiveCfg = Debug|x64
		{131DF2F7-2B83-4366-B945-E8900276D4AC}.Debug|x64.Build.0 = Debug|x64
		{131DF2F7-2B83-4366-B945-E8900276D4AC}.Debug|Win32.ActiveCfg = Debug|Win32
		{131DF2F7-2B83-4366-B945-E8900276D4AC}.Debug|Win32.Build.0 = Debug|Win32
		{131DF2F7-2B83-4366-B945-E8900276D4AC}.Debug|ARM64.ActiveCfg = Debug|ARM64
		{131DF2F7-2B83-4366-B945-E8900276D4AC}.Debug|ARM64.Build.0 = Debug|ARM64
		{131DF2F7-2B83-4366-B945-E8900276D4AC}.ASan|x64.ActiveCfg = ASan|x64
		{131DF2F7-2B83-4366-B945-E8900276D4AC}.ASan|x64.Build.0 = ASan|x64
		{131DF2F7-2B83-4366-B945-E8900276D4AC}.ASan|Win32.ActiveCfg = ASan|Win32
		{131DF2F7-2B83-4366-B945-E8900276D4AC}.ASan|Win32.Build.0 = ASan|Win32
		{131DF2F7-2B83-4366-B945-E8900276D4AC}.ASan|ARM64.ActiveCfg = ASan|ARM64
		{131DF2F7-2B83-4366-B945-E8900276D4AC}.ASan|ARM64.Build.0 = ASan|ARM64
		{1F038043-2FD9-4FCB-9C06-38B24F824794}.Release|x64.ActiveCfg = Release|x64
		{1F038043-2FD9-4FCB-9C06-38B24F824794}.Release|x64.Build.0 = Release|x64
		{1F038043-2FD9-4FCB-9C06-38B24F824794}.Release|Win32.ActiveCfg = Release|Win32
		{1F038043-2FD9-4FCB-9C06-38B24F824794}.Release|Win32.Build.0 = Release|Win32
		{1F038043-2FD9-4FCB-9C06-38B24F824794}.Release|ARM64.ActiveCfg = Release|ARM64
		{1F038043-2FD9-4FCB-9C06-38B24F824794}.Release|ARM64.Build.0 = Release|ARM64
		{1F038043-2FD9-4FCB-9C06-38B24F824794}.Debug|x64.ActiveCfg = Debug|x64
		{1F038043-2FD9-4FCB-9C06-38B24F824794}.Debug|x64.Build.0 = Debug|x64
		{1F038043-2FD9-4FCB-9C06-38B24F824794}.Debug|Win32.ActiveCfg = Debug|Win32
		{1F038043-2FD9-4FCB-9C06-38B24F824794}.Debug|Win32.Build.0 = Debug|Win32
		{1F038043-2FD9-4FCB-9C06-38B24F824794}.Debug|ARM64.ActiveCfg = Debug|ARM64
		{1F038043-2FD9-4FCB-9C06-38B24F824794}.Debug|ARM64.Build.0 = Debug|ARM64
		{1F038043-2FD9-4FCB-9C06-38B24F824794}.ASan|x64.ActiveCfg = ASan|x64
		{1F038043-2FD9-4FCB-9C06-38B24F824794}.ASan|x64.Build.0 = ASan|x64
		{1F038043-2FD9-4FCB-9C06-38B24F824794}.ASan|Win32.ActiveCfg = ASan|Win32
		{1F038043-2FD9-4FCB-9C06-38B24F824794}.ASan|Win32.Build.0 = ASan|Win32
		{1F038043-2FD9-4FCB-9C06-38B24F824794}.ASan|ARM64.ActiveCfg = ASan|ARM64
		{1F038043-2FD9-4FCB-9C06-38B24F824794}.ASan|ARM64.Build.0 = ASan|ARM64
		{26D93EFC-56F7-8E6B-E045-3829D386CCD6}.Release|x64.ActiveCfg = Release|x64
		{26D93EFC-56F7-8E6B-E045-3829D386CCD6}.Release|x64.Build.0 = Release|x64
		{26D93EFC-56F7-8E6B-E045-3829D386CCD6}.Release|Win32.ActiveCfg = Release|Win32
		{26D93EFC-56F7-8E6B-E045-3829D386CCD6}.Release|Win32.Build.0 = Release|Win32
		{26D93EFC-56F7-8E6B-E045-3829D386CCD6}.Release|ARM64.ActiveCfg = Release|ARM64
		{26D93EFC-56F7-8E6B-E045-3829D386CCD6}.Release|ARM64.Build.0 = Release|ARM64
		{26D93EFC-56F7-8E6B-E045-3829D386CCD6}.Debug|x64.ActiveCfg = Debug|x64
		{26D93EFC-56F7-8E6B-E045-3829D386CCD6}.Debug|x64.Build.0 = Debug|x64
		{26D93EFC-56F7-8E6B-E045-3829D386CCD6}.Debug|Win32.ActiveCfg = Debug|Win32
		{26D93EFC-56F7-8E6B-E045-3829D386CCD6}.Debug|Win32.Build.0 = Debug|Win32
		{26D93EFC-56F7-8E6B-E045-3829D386CCD6}.Debug|ARM64.ActiveCfg = Debug|ARM64
		{26D93EFC-56F7-8E6B-E045-3829D386CCD6}.Debug|ARM64.Build.0 = Debug|ARM64
		{26D93EFC-56F7-8E6B-E045-3829D386CCD6}.ASan|x64.ActiveCfg = ASan|x64
		{26D93EFC-56F7-8E6B-E045-3829D386CCD6}.ASan|x64.Build.0 = ASan|x64
		{26D93EFC-56F7-8E6B-E045-3829D386CCD6}.ASan|Win32.ActiveCfg = ASan|Win32
		{26D93EFC-56F7-8E6B-E045-3829D386CCD6}.ASan|Win32.Build.0 = ASan|Win32
		{26D93EFC-56F7-8E6B-E045-3829D386CCD6}.ASan|ARM64.ActiveCfg = ASan|ARM64
		{26D93EFC-56F7-8E6B-E045-3829D386CCD6}.ASan|ARM64.Build.0 = ASan|ARM64
		{0DBEC4E8-9EC3-49DE-A081-F005971A24F4}.Release|x64.ActiveCfg = Release|x64
		{0DBEC4E8-9EC3-49DE-A081-F005971A24F4}.Release|x64.Build.0 = Release|x64
		{0DBEC4E8-9EC3-49DE-A081-F005971A24F4}.Release|Win32.ActiveCfg = Release|Win32
		{0DBEC4E8-9EC3-49DE-A081-F005971A24F4}.Release|Win32.Build.0 = Release|Win32
		{0DBEC4E8-9EC3-49DE-A081-F005971A24F4}.Release|ARM64.ActiveCfg = Release|ARM64
		{0DBEC4E8-9EC3-49DE-A081-F005971A24F4}.Release|ARM64.Build.0 = Release|ARM64
		{0DBEC4E8-9EC3-49DE-A081-F005971A24F4}.Debug|x64.ActiveCfg = Debug|x64
		{0DBEC4E8-9EC3-49DE-A081-F005971A24F4}.Debug|x64.Build.0 = Debug|x64
		{0DBEC4E8-9EC3-49DE-A081-F005971A24F4}.Debug|Win32.ActiveCfg = Debug|Win32
		{0DBEC4E8-9EC3-49DE-A081-F005971A24F4}.Debug|Win32.Build.0 = Debug|Win32
		{0DBEC4E8-9EC3-49DE-A081-F005971A24F4}.Debug|ARM64.ActiveCfg = Debug|ARM64
		{0DBEC4E8-9EC3-49DE-A081-F005971A24F4}.Debug|ARM64.Build.0 = Debug|ARM64
		{0DBEC4E8-9EC3-49DE-A081-F005971A24F4}.ASan|x64.ActiveCfg = ASan|x64
		{0DBEC4E8-9EC3-49DE-A081-F005971A24F4}.ASan|x64.Build.0 = ASan|x64
		{0DBEC4E8-9EC3-49DE-A081-F005971A24F4}.ASan|Win32.ActiveCfg = ASan|Win32
		{0DBEC4E8-9EC3-49DE-A081-F005971A24F4}.ASan|Win32.Build.0 = ASan|Win32
		{0DBEC4E8-9EC3-49DE-A081-F005971A24F4}.ASan|ARM64.ActiveCfg = ASan|ARM64
		{0DBEC4E8-9EC3-49DE-A081-F005971A24F4}.ASan|ARM64.Build.0 = ASan|ARM64
		{70E2F6EF-FADC-4BB1-8DC5-029F6A74F083}.Release|x64.ActiveCfg = Release|x64
		{70E2F6EF-FADC-4BB1-8DC5-029F6A74F083}.Release|x64.Build.0 = Release|x64
		{70E2F6EF-FADC-4BB1-8DC5-029F6A74F083}.Release|Win32.ActiveCfg = Release|Win32
		{70E2F6EF-FADC-4BB1-8DC5-029F6A74F083}.Release|Win32.Build.0 = Release|Win32
		{70E2F6EF-FADC-4BB1-8DC5-029F6A74F083}.Release|ARM64.ActiveCfg = Release|ARM64
		{70E2F6EF-FADC-4BB1-8DC5-029F6A74F083}.Release|ARM64.Build.0 = Release|ARM64
		{70E2F6EF-FADC-4BB1-8DC5-029F6A74F083}.Debug|x64.ActiveCfg = Debug|x64
		{70E2F6EF-FADC-4BB1-8DC5-029F6A74F083}.Debug|x64.Build.0 = Debug|x64
		{70E2F6EF-FADC-4BB1-8DC5-029F6A74F083}.Debug|Win32.ActiveCfg = Debug|Win32
		{70E2F6EF-FADC-4BB1-8DC5-029F6A74F083}.Debug|Win32.Build.0 = Debug|Win32
		{70E2F6EF-FADC-4BB1-8DC5-029F6A74F083}.Debug|ARM64.ActiveCfg = Debug|ARM64
		{70E2F6EF-FADC-4BB1-8DC5-029F6A74F083}.Debug|ARM64.Build.0 = Debug|ARM64
		{70E2F6EF-FADC-4BB1-8DC5-029F6A74F083}.ASan|x64.ActiveCfg = ASan|x64
		{70E2F6EF-FADC-4BB1-8DC5-029F6A74F083}.ASan|x64.Build.0 = ASan|x64
		{70E2F6EF-FADC-4BB1-8DC5-029F6A74F083}.ASan|Win32.ActiveCfg = ASan|Win32
		{70E2F6EF-FADC-4BB1-8DC5-029F6A74F083}.ASan|Win32.Build.0 = ASan|Win32
		{70E2F6EF-FADC-4BB1-8DC5-029F6A74F083}.ASan|ARM64.ActiveCfg = ASan|ARM64
		{70E2F6EF-FADC-4BB1-8DC5-029F6A74F083}.ASan|ARM64.Build.0 = ASan|ARM64
		{6AC3DFF0-981E-4987-8DAF-47674378979A}.Release|x64.ActiveCfg = Release|x64
		{6AC3DFF0-981E-4987-8DAF-47674378979A}.Release|x64.Build.0 = Release|x64
		{6AC3DFF0-981E-4987-8DAF-47674378979A}.Release|Win32.ActiveCfg = Release|Win32
		{6AC3DFF0-981E-4987-8DAF-47674378979A}.Release|Win32.Build.0 = Release|Win32
		{6AC3DFF0-981E-4987-8DAF-47674378979A}.Release|ARM64.ActiveCfg = Release|ARM64
		{6AC3DFF0-981E-4987-8DAF-47674378979A}.Release|ARM64.Build.0 = Release|ARM64
		{6AC3DFF0-981E-4987-8DAF-47674378979A}.Debug|x64.ActiveCfg = Debug|x64
		{6AC3DFF0-981E-4987-8DAF-47674378979A}.Debug|x64.Build.0 = Debug|x64
		{6AC3DFF0-981E-4987-8DAF-47674378979A}.Debug|Win32.ActiveCfg = Debug|Win32
		{6AC3DFF0-981E-4987-8DAF-47674378979A}.Debug|Win32.Build.0 = Debug|Win32
		{6AC3DFF0-981E-4987-8DAF-47674378979A}.Debug|ARM64.ActiveCfg = Debug|ARM64
		{6AC3DFF0-981E-4987-8DAF-47674378979A}.Debug|ARM64.Build.0 = Debug|ARM64
		{6AC3DFF0-981E-4987-8DAF-47674378979A}.ASan|x64.ActiveCfg = ASan|x64
		{6AC3DFF0-981E-4987-8DAF-47674378979A}.ASan|x64.Build.0 = ASan|x64
		{6AC3DFF0-981E-4987-8DAF-47674378979A}.ASan|Win32.ActiveCfg = ASan|Win32
		{6AC3DFF0-981E-4987-8DAF-47674378979A}.ASan|Win32.Build.0 = ASan|Win32
		{6AC3DFF0-981E-4987-8DAF-47674378979A}.ASan|ARM64.ActiveCfg = ASan|ARM64
		{6AC3DFF0-981E-4987-8DAF-47674378979A}.ASan|ARM64.Build.0 = ASan|ARM64
		{6B1E2D98-8209-4295-8C07-EA68AAFF7B19}.Release|x64.ActiveCfg = Release|x64
		{6B1E2D98-8209-4295-8C07-EA68AAFF7B19}.Release|x64.Build.0 = Release|x64
		{6B1E2D98-8209-4295-8C07-EA68AAFF7B19}.Release|Win32.ActiveCfg = Release|Win32
		{6B1E2D98-8209-4295-8C07-EA68AAFF7B19}.Release|Win32.Build.0 = Release|Win32
		{6B1E2D98-8209-4295-8C07-EA68AAFF7B19}.Release|ARM64.ActiveCfg = Release|ARM64
		{6B1E2D98-8209-4295-8C07-EA68AAFF7B19}.Release|ARM64.Build.0 = Release|ARM64
		{6B1E2D98-8209-4295-8C07-EA68AAFF7B19}.Debug|x64.ActiveCfg = Debug|x64
		{6B1E2D98-8209-4295-8C07-EA68AAFF7B19}.Debug|x64.Build.0 = Debug|x64
		{6B1E2D98-8209-4295-8C07-EA68AAFF7B19}.Debug|Win32.ActiveCfg = Debug|Win32
		{6B1E2D98-8209-4295-8C07-EA68AAFF7B19}.Debug|Win32.Build.0 = Debug|Win32
		{6B1E2D98-8209-4295-8C07-EA68AAFF7B19}.Debug|ARM64.ActiveCfg = Debug|ARM64
		{6B1E2D98-8209-4295-8C07-EA68AAFF7B19}.Debug|ARM64.Build.0 = Debug|ARM64
		{6B1E2D98-8209-4295-8C07-EA68AAFF7B19}.ASan|x64.ActiveCfg = ASan|x64
		{6B1E2D98-8209-4295-8C07-EA68AAFF7B19}.ASan|x64.Build.0 = ASan|x64
		{6B1E2D98-8209-4295-8C07-EA68AAFF7B19}.ASan|Win32.ActiveCfg = ASan|Win32
		{6B1E2D98-8209-4295-8C07-EA68AAFF7B19}.ASan|Win32.Build.0 = ASan|Win32
		{6B1E2D98-8209-4295-8C07-EA68AAFF7B19}.ASan|ARM64.ActiveCfg = ASan|ARM64
		{6B1E2D98-8209-4295-8C07-EA68AAFF7B19}.ASan|ARM64.Build.0 = ASan|ARM64
		{ADCC3135-CB0B-4A2B-B73E-C61FAF0D8635}.Release|x64.ActiveCfg = Release|x64
		{ADCC3135-CB0B-4A2B-B73E-C61FAF0D8635}.Release|x64.Build.0 = Release|x64
		{ADCC3135-CB0B-4A2B-B73E-C61FAF0D8635}.Release|Win32.ActiveCfg = Release|Win32
		{ADCC3135-CB0B-4A2B-B73E-C61FAF0D8635}.Release|Win32.Build.0 = Release|Win32
		{ADCC3135-CB0B-4A2B-B73E-C61FAF0D8635}.Release|ARM64.ActiveCfg = Release|ARM64
		{ADCC3135-CB0B-4A2B-B73E-C61FAF0D8635}.Release|ARM64.Build.0 = Release|ARM64
		{ADCC3135-CB0B-4A2B-B73E-C61FAF0D8635}.Debug|x64.ActiveCfg = Debug|x64
		{ADCC3135-CB0B-4A2B-B73E-C61FAF0D8635}.Debug|x64.Build.0 = Debug|x64
		{ADCC3135-CB0B-4A2B-B73E-C61FAF0D8635}.Debug|Win32.ActiveCfg = Debug|Win32
		{ADCC3135-CB0B-4A2B-B73E-C61FAF0D8635}.Debug|Win32.Build.0 = Debug|Win32
		{ADCC3135-CB0B-4A2B-B73E-C61FAF0D8635}.Debug|ARM64.ActiveCfg = Debug|ARM64
		{ADCC3135-CB0B-4A2B-B73E-C61FAF0D8635}.Debug|ARM64.Build.0 = Debug|ARM64
		{ADCC3135-CB0B-4A2B-B73E-C61FAF0D8635}.ASan|x64.ActiveCfg = ASan|x64
		{ADCC3135-CB0B-4A2B-B73E-C61FAF0D8635}.ASan|x64.Build.0 = ASan|x64
		{ADCC3135-CB0B-4A2B-B73E-C61FAF0D8635}.ASan|Win32.ActiveCfg = ASan|Win32
		{ADCC3135-CB0B-4A2B-B73E-C61FAF0D8635}.ASan|Win32.Build.0 = ASan|Win32
		{ADCC3135-CB0B-4A2B-B73E-C61FAF0D8635}.ASan|ARM64.ActiveCfg = ASan|ARM64
		{ADCC3135-CB0B-4A2B-B73E-C61FAF0D8635}.ASan|ARM64.Build.0 = ASan|ARM64
		{9724FE26-30F3-41B7-A897-EA9AFD12CB29}.Release|x64.ActiveCfg = Release|x64
		{9724FE26-30F3-41B7-A897-EA9AFD12CB29}.Release|x64.Build.0 = Release|x64
		{9724FE26-30F3-41B7-A897-EA9AFD12CB29}.Release|Win32.ActiveCfg = Release|Win32
		{9724FE26-30F3-41B7-A897-EA9AFD12CB29}.Release|Win32.Build.0 = Release|Win32
		{9724FE26-30F3-41B7-A897-EA9AFD12CB29}.Release|ARM64.ActiveCfg = Release|ARM64
		{9724FE26-30F3-41B7-A897-EA9AFD12CB29}.Release|ARM64.Build.0 = Release|ARM64
		{9724FE26-30F3-41B7-A897-EA9AFD12CB29}.Debug|x64.ActiveCfg = Debug|x64
		{9724FE26-30F3-41B7-A897-EA9AFD12CB29}.Debug|x64.Build.0 = Debug|x64
		{9724FE26-30F3-41B7-A897-EA9AFD12CB29}.Debug|Win32.ActiveCfg = Debug|Win32
		{9724FE26-30F3-41B7-A897-EA9AFD12CB29}.Debug|Win32.Build.0 = Debug|Win32
		{9724FE26-30F3-41B7-A897-EA9AFD12CB29}.Debug|ARM64.ActiveCfg = Debug|ARM64
		{9724FE26-30F3-41B7-A897-EA9AFD12CB29}.Debug|ARM64.Build.0 = Debug|ARM64
		{9724FE26-30F3-41B7-A897-EA9AFD12CB29}.ASan|x64.ActiveCfg = ASan|x64
		{9724FE26-30F3-41B7-A897-EA9AFD12CB29}.ASan|x64.Build.0 = ASan|x64
		{9724FE26-30F3-41B7-A897-EA9AFD12CB29}.ASan|Win32.ActiveCfg = ASan|Win32
		{9724FE26-30F3-41B7-A897-EA9AFD12CB29}.ASan|Win32.Build.0 = ASan|Win32
		{9724FE26-30F3-41B7-A897-EA9AFD12CB29}.ASan|ARM64.ActiveCfg = ASan|ARM64
		{9724FE26-30F3-41B7-A897-EA9AFD12CB29}.ASan|ARM64.Build.0 = ASan|ARM64
		{50E95255-F4C4-48E2-8745-A193EEC8E265}.Release|x64.ActiveCfg = Release|x64
		{50E95255-F4C4-48E2-8745-A193EEC8E265}.Release|x64.Build.0 = Release|x64
		{50E95255-F4C4-48E2-8745-A193EEC8E265}.Release|Win32.ActiveCfg = Release|Win32
		{50E95255-F4C4-48E2-8745-A193EEC8E265}.Release|Win32.Build.0 = Release|Win32
		{50E95255-F4C4-48E2-8745-A193EEC8E265}.Release|ARM64.ActiveCfg = Release|ARM64
		{50E95255-F4C4-48E2-8745-A193EEC8E265}.Release|ARM64.Build.0 = Release|ARM64
		{50E95255-F4C4-48E2-8745-A193EEC8E265}.Debug|x64.ActiveCfg = Debug|x64
		{50E95255-F4C4-48E2-8745-A193EEC8E265}.Debug|x64.Build.0 = Debug|x64
		{50E95255-F4C4-48E2-8745-A193EEC8E265}.Debug|Win32.ActiveCfg = Debug|Win32
		{50E95255-F4C4-48E2-8745-A193EEC8E265}.Debug|Win32.Build.0 = Debug|Win32
		{50E95255-F4C4-48E2-8745-A193EEC8E265}.Debug|ARM64.ActiveCfg = Debug|ARM64
		{50E95255-F4C4-48E2-8745-A193EEC8E265}.Debug|ARM64.Build.0 = Debug|ARM64
		{50E95255-F4C4-48E2-8745-A193EEC8E265}.ASan|x64.ActiveCfg = ASan|x64
		{50E95255-F4C4-48E2-8745-A193EEC8E265}.ASan|x64.Build.0 = ASan|x64
		{50E95255-F4C4-48E2-8745-A193EEC8E265}.ASan|Win32.ActiveCfg = ASan|Win32
		{50E95255-F4C4-48E2-8745-A193EEC8E265}.ASan|Win32.Build.0 = ASan|Win32
		{50E95255-F4C4-48E2-8745-A193EEC8E265}.ASan|ARM64.ActiveCfg = ASan|ARM64
		{50E95255-F4C4-48E2-8745-A193EEC8E265}.ASan|ARM64.Build.0 = ASan|ARM64
		{09ECDA70-7979-4D1E-B590-60DC6F1E6673}.Release|x64.ActiveCfg = Release|x64
		{09ECDA70-7979-4D1E-B590-60DC6F1E6673}.Release|x64.Build.0 = Release|x64
		{09ECDA70-7979-4D1E-B590-60DC6F1E6673}.Release|Win32.ActiveCfg = Release|Win32
		{09ECDA70-7979-4D1E-B590-60DC6F1E6673}.Release|Win32.Build.0 = Release|Win32
		{09ECDA70-7979-4D1E-B590-60DC6F1E6673}.Release|ARM64.ActiveCfg = Release|ARM64
		{09ECDA70-7979-4D1E-B590-60DC6F1E6673}.Release|ARM64.Build.0 = Release|ARM64
		{09ECDA70-7979-4D1E-B590-60DC6F1E6673}.Debug|x64.ActiveCfg = Debug|x64
		{09ECDA70-7979-4D1E-B590-60DC6F1E6673}.Debug|x64.Build.0 = Debug|x64
		{09ECDA70-7979-4D1E-B590-60DC6F1E6673}.Debug|Win32.ActiveCfg = Debug|Win32
		{09ECDA70-7979-4D1E-B590-60DC6F1E6673}.Debug|Win32.Build.0 = Debug|Win32
		{09ECDA70-7979-4D1E-B590-60DC6F1E6673}.Debug|ARM64.ActiveCfg = Debug|ARM64
		{09ECDA70-7979-4D1E-B590-60DC6F1E6673}.Debug|ARM64.Build.0 = Debug|ARM64
		{09ECDA70-7979-4D1E-B590-60DC6F1E6673}.ASan|x64.ActiveCfg = ASan|x64
		{09ECDA70-7979-4D1E-B590-60DC6F1E6673}.ASan|x64.Build.0 = ASan|x64
		{09ECDA70-7979-4D1E-B590-60DC6F1E6673}.ASan|Win32.ActiveCfg = ASan|Win32
		{09ECDA70-7979-4D1E-B590-60DC6F1E6673}.ASan|Win32.Build.0 = ASan|Win32
		{09ECDA70-7979-4D1E-B590-60DC6F1E6673}.ASan|ARM64.ActiveCfg = ASan|ARM64
		{09ECDA70-7979-4D1E-B590-60DC6F1E6673}.ASan|ARM64.Build.0 = ASan|ARM64
		{FA3EA342-C1A7-4C56-BFA1-2D06A6EEF028}.Release|x64.ActiveCfg = Release|x64
		{FA3EA342-C1A7-4C56-BFA1-2D06A6EEF028}.Release|x64.Build.0 = Release|x64
		{FA3EA342-C1A7-4C56-BFA1-2D06A6EEF028}.Release|Win32.ActiveCfg = Release|Win32
		{FA3EA342-C1A7-4C56-BFA1-2D06A6EEF028}.Release|Win32.Build.0 = Release|Win32
		{FA3EA342-C1A7-4C56-BFA1-2D06A6EEF028}.Release|ARM64.ActiveCfg = Release|ARM64
		{FA3EA342-C1A7-4C56-BFA1-2D06A6EEF028}.Release|ARM64.Build.0 = Release|ARM64
		{FA3EA342-C1A7-4C56-BFA1-2D06A6EEF028}.Debug|x64.ActiveCfg = Debug|x64
		{FA3EA342-C1A7-4C56-BFA1-2D06A6EEF028}.Debug|x64.Build.0 = Debug|x64
		{FA3EA342-C1A7-4C56-BFA1-2D06A6EEF028}.Debug|Win32.ActiveCfg = Debug|Win32
		{FA3EA342-C1A7-4C56-BFA1-2D06A6EEF028}.Debug|Win32.Build.0 = Debug|Win32
		{FA3EA342-C1A7-4C56-BFA1-2D06A6EEF028}.Debug|ARM64.ActiveCfg = Debug|ARM64
		{FA3EA342-C1A7-4C56-BFA1-2D06A6EEF028}.Debug|ARM64.Build.0 = Debug|ARM64
		{FA3EA342-C1A7-4C56-BFA1-2D06A6EEF028}.ASan|x64.ActiveCfg = ASan|x64
		{FA3EA342-C1A7-4C56-BFA1-2D06A6EEF028}.ASan|x64.Build.0 = ASan|x64
		{FA3EA342-C1A7-4C56-BFA1-2D06A6EEF028}.ASan|Win32.ActiveCfg = ASan|Win32
		{FA3EA342-C1A7-4C56-BFA1-2D06A6EEF028}.ASan|Win32.Build.0 = ASan|Win32
		{FA3EA342-C1A7-4C56-BFA1-2D06A6EEF028}.ASan|ARM64.ActiveCfg = ASan|ARM64
		{FA3EA342-C1A7-4C56-BFA1-2D06A6EEF028}.ASan|ARM64.Build.0 = ASan|ARM64
		{DF8E9192-F746-4EC0-9A49-4202B9035E9F}.Release|x64.ActiveCfg = Release|x64
		{DF8E9192-F746-4EC0-9A49-4202B9035E9F}.Release|x64.Build.0 = Release|x64
		{DF8E9192-F746-4EC0-9A49-4202B9035E9F}.Release|Win32.ActiveCfg = Release|Win32
		{DF8E9192-F746-4EC0-9A49-4202B9035E9F}.Release|Win32.Build.0 = Release|Win32
		{DF8E9192-F746-4EC0-9A49-4202B9035E9F}.Release|ARM64.ActiveCfg = Release|ARM64
		{DF8E9192-F746-4EC0-9A49-4202B9035E9F}.Release|ARM64.Build.0 = Release|ARM64
		{DF8E9192-F746-4EC0-9A49-4202B9035E9F}.Debug|x64.ActiveCfg = Debug|x64
		{DF8E9192-F746-4EC0-9A49-4202B9035E9F}.Debug|x64.Build.0 = Debug|x64
		{DF8E9192-F746-4EC0-9A49-4202B9035E9F}.Debug|Win32.ActiveCfg = Debug|Win32
		{DF8E9192-F746-4EC0-9A49-4202B9035E9F}.Debug|Win32.Build.0 = Debug|Win32
		{DF8E9192-F746-4EC0-9A49-4202B9035E9F}.Debug|ARM64.ActiveCfg = Debug|ARM64
		{DF8E9192-F746-4EC0-9A49-4202B9035E9F}.Debug|ARM64.Build.0 = Debug|ARM64
		{DF8E9192-F746-4EC0-9A49-4202B9035E9F}.ASan|x64.ActiveCfg = ASan|x64
		{DF8E9192-F746-4EC0-9A49-4202B9035E9F}.ASan|x64.Build.0 = ASan|x64
		{DF8E9192-F746-4EC0-9A49-4202B9035E9F}.ASan|Win32.ActiveCfg = ASan|Win32
		{DF8E9192-F746-4EC0-9A49-4202B9035E9F}.ASan|Win32.Build.0 = ASan|Win32
		{DF8E9192-F746-4EC0-9A49-4202B9035E9F}.ASan|ARM64.ActiveCfg = ASan|ARM64
		{DF8E9192-F746-4EC0-9A49-4202B9035E9F}.ASan|ARM64.Build.0 = ASan|ARM64
		{F434DD1B-A2CF-421D-9EB5-C6081C00E60A}.Release|x64.ActiveCfg = Release|x64
		{F434DD1B-A2CF-421D-9EB5-C6081C00E60A}.Release|x64.Build.0 = Release|x64
		{F434DD1B-A2CF-421D-9EB5-C6081C00E60A}.Release|Win32.ActiveCfg = Release|Win32
		{F434DD1B-A2CF-421D-9EB5-C6081C00E60A}.Release|Win32.Build.0 = Release|Win32
		{F434DD1B-A2CF-421D-9EB5-C6081C00E60A}.Release|ARM64.ActiveCfg = Release|ARM64
		{F434DD1B-A2CF-421D-9EB5-C6081C00E60A}.Release|ARM64.Build.0 = Release|ARM64
		{F434DD1B-A2CF-421D-9EB5-C6081C00E60A}.Debug|x64.ActiveCfg = Debug|x64
		{F434DD1B-A2CF-421D-9EB5-C6081C00E60A}.Debug|x64.Build.0 = Debug|x64
		{F434DD1B-A2CF-421D-9EB5-C6081C00E60A}.Debug|Win32.ActiveCfg = Debug|Win32
		{F434DD1B-A2CF-421D-9EB5-C6081C00E60A}.Debug|Win32.Build.0 = Debug|Win32
		{F434DD1B-A2CF-421D-9EB5-C6081C00E60A}.Debug|ARM64.ActiveCfg = Debug|ARM64
		{F434DD1B-A2CF-421D-9EB5-C6081C00E60A}.Debug|ARM64.Build.0 = Debug|ARM64
		{F434DD1B-A2CF-421D-9EB5-C6081C00E60A}.ASan|x64.ActiveCfg = ASan|x64
		{F434DD1B-A2CF-421D-9EB5-C6081C00E60A}.ASan|x64.Build.0 = ASan|x64
		{F434DD1B-A2CF-421D-9EB5-C6081C00E60A}.ASan|Win32.ActiveCfg = ASan|Win32
		{F434DD1B-A2CF-421D-9EB5-C6081C00E60A}.ASan|Win32.Build.0 = ASan|Win32
		{F434DD1B-A2CF-421D-9EB5-C6081C00E60A}.ASan|ARM64.ActiveCfg = ASan|ARM64
		{F434DD1B-A2CF-421D-9EB5-C6081C00E60A}.ASan|ARM64.Build.0 = ASan|ARM64
		{92BCB421-1E29-7830-A378-A626E3B9D551}.Release|x64.ActiveCfg = Release|x64
		{92BCB421-1E29-7830-A378-A626E3B9D551}.Release|x64.Build.0 = Release|x64
		{92BCB421-1E29-7830-A378-A626E3B9D551}.Release|Win32.ActiveCfg = Release|Win32
		{92BCB421-1E29-7830-A378-A626E3B9D551}.Release|Win32.Build.0 = Release|Win32
		{92BCB421-1E29-7830-A378-A626E3B9D551}.Release|ARM64.ActiveCfg = Release|ARM64
		{92BCB421-1E29-7830-A378-A626E3B9D551}.Release|ARM64.Build.0 = Release|ARM64
		{92BCB421-1E29-7830-A378-A626E3B9D551}.Debug|x64.ActiveCfg = Debug|x64
		{92BCB421-1E29-7830-A378-A626E3B9D551}.Debug|x64.Build.0 = Debug|x64
		{92BCB421-1E29-7830-A378-A626E3B9D551}.Debug|Win32.ActiveCfg = Debug|Win32
		{92BCB421-1E29-7830-A378-A626E3B9D551}.Debug|Win32.Build.0 = Debug|Win32
		{92BCB421-1E29-7830-A378-A626E3B9D551}.Debug|ARM64.ActiveCfg = Debug|ARM64
		{92BCB421-1E29-7830-A378-A626E3B9D551}.Debug|ARM64.Build.0 = Debug|ARM64
		{92BCB421-1E29-7830-A378-A626E3B9D551}.ASan|x64.ActiveCfg = ASan|x64
		{92BCB421-1E29-7830-A378-A626E3B9D551}.ASan|x64.Build.0 = ASan|x64
		{92BCB421-1E29-7830-A378-A626E3B9D551}.ASan|Win32.ActiveCfg = ASan|Win32
		{92BCB421-1E29-7830-A378-A626E3B9D551}.ASan|Win32.Build.0 = ASan|Win32
		{92BCB421-1E29-7830-A378-A626E3B9D551}.ASan|ARM64.ActiveCfg = ASan|ARM64
		{92BCB421-1E29-7830-A378-A626E3B9D551}.ASan|ARM64.Build.0 = ASan|ARM64
		{FA9D7A23-6270-E42C-FCFF-BD2BE195CCE0}.Release|x64.ActiveCfg = Release|x64
		{FA9D7A23-6270-E42C-FCFF-BD2BE195CCE0}.Release|x64.Build.0 = Release|x64
		{FA9D7A23-6270-E42C-FCFF-BD2BE195CCE0}.Release|Win32.ActiveCfg = Release|Win32
		{FA9D7A23-6270-E42C-FCFF-BD2BE195CCE0}.Release|Win32.Build.0 = Release|Win32
		{FA9D7A23-6270-E42C-FCFF-BD2BE195CCE0}.Release|ARM64.ActiveCfg = Release|ARM64
		{FA9D7A23-6270-E42C-FCFF-BD2BE195CCE0}.Release|ARM64.Build.0 = Release|ARM64
		{FA9D7A23-6270-E42C-FCFF-BD2BE195CCE0}.Debug|x64.ActiveCfg = Debug|x64
		{FA9D7A23-6270-E42C-FCFF-BD2BE195CCE0}.Debug|x64.Build.0 = Debug|x64
		{FA9D7A23-6270-E42C-FCFF-BD2BE195CCE0}.Debug|Win32.ActiveCfg = Debug|Win32
		{FA9D7A23-6270-E42C-FCFF-BD2BE195CCE0}.Debug|Win32.Build.0 = Debug|Win32
		{FA9D7A23-6270-E42C-FCFF-BD2BE195CCE0}.Debug|ARM64.ActiveCfg = Debug|ARM64
		{FA9D7A23-6270-E42C-FCFF-BD2BE195CCE0}.Debug|ARM64.Build.0 = Debug|ARM64
		{FA9D7A23-6270-E42C-FCFF-BD2BE195CCE0}.ASan|x64.ActiveCfg = ASan|x64
		{FA9D7A23-6270-E42C-FCFF-BD2BE195CCE0}.ASan|x64.Build.0 = ASan|x64
		{FA9D7A23-6270-E42C-FCFF-BD2BE195CCE0}.ASan|Win32.ActiveCfg = ASan|Win32
		{FA9D7A23-6270-E42C-FCFF-BD2BE195CCE0}.ASan|Win32.Build.0 = ASan|Win32
		{FA9D7A23-6270-E42C-FCFF-BD2BE195CCE0}.ASan|ARM64.ActiveCfg = ASan|ARM64
		{FA9D7A23-6270-E42C-FCFF-BD2BE195CCE0}.ASan|ARM64.Build.0 = ASan|ARM64
		{DAA77608-8755-4E65-8FAE-6667C4317385}.Release|x64.ActiveCfg = Release|x64
		{DAA77608-8755-4E65-8FAE-6667C4317385}.Release|x64.Build.0 = Release|x64
		{DAA77608-8755-4E65-8FAE-6667C4317385}.Release|Win32.ActiveCfg = Release|Win32
		{DAA77608-8755-4E65-8FAE-6667C4317385}.Release|Win32.Build.0 = Release|Win32
		{DAA77608-8755-4E65-8FAE-6667C4317385}.Release|ARM64.ActiveCfg = Release|ARM64
		{DAA77608-8755-4E65-8FAE-6667C4317385}.Release|ARM64.Build.0 = Release|ARM64
		{DAA77608-8755-4E65-8FAE-6667C4317385}.Debug|x64.ActiveCfg = Debug|x64
		{DAA77608-8755-4E65-8FAE-6667C4317385}.Debug|x64.Build.0 = Debug|x64
		{DAA77608-8755-4E65-8FAE-6667C4317385}.Debug|Win32.ActiveCfg = Debug|Win32
		{DAA77608-8755-4E65-8FAE-6667C4317385}.Debug|Win32.Build.0 = Debug|Win32
		{DAA77608-8755-4E65-8FAE-6667C4317385}.Debug|ARM64.ActiveCfg = Debug|ARM64
		{DAA77608-8755-4E65-8FAE-6667C4317385}.Debug|ARM64.Build.0 = Debug|ARM64
		{DAA77608-8755-4E65-8FAE-6667C4317385}.ASan|x64.ActiveCfg = ASan|x64
		{DAA77608-8755-4E65-8FAE-6667C4317385}.ASan|x64.Build.0 = ASan|x64
		{DAA77608-8755-4E65-8FAE-6667C4317385}.ASan|Win32.ActiveCfg = ASan|Win32
		{DAA77608-8755-4E65-8FAE-6667C4317385}.ASan|Win32.Build.0 = ASan|Win32
		{DAA77608-8755-4E65-8FAE-6667C4317385}.ASan|ARM64.ActiveCfg = ASan|ARM64
		{DAA77608-8755-4E65-8FAE-6667C4317385}.ASan|ARM64.Build.0 = ASan|ARM64
		{59553F6E-567A-4C24-8711-9F7F47472988}.Release|x64.ActiveCfg = Release|x64
		{59553F6E-567A-4C24-8711-9F7F47472988}.Release|x64.Build.0 = Release|x64
		{59553F6E-567A-4C24-8711-9F7F47472988}.Release|Win32.ActiveCfg = Release|Win32
		{59553F6E-567A-4C24-8711-9F7F47472988}.Release|Win32.Build.0 = Release|Win32
		{59553F6E-567A-4C24-8711-9F7F47472988}.Release|ARM64.ActiveCfg = Release|ARM64
		{59553F6E-567A-4C24-8711-9F7F47472988}.Release|ARM64.Build.0 = Release|ARM64
		{59553F6E-567A-4C24-8711-9F7F47472988}.Debug|x64.ActiveCfg = Debug|x64
		{59553F6E-567A-4C24-8711-9F7F47472988}.Debug|x64.Build.0 = Debug|x64
		{59553F6E-567A-4C24-8711-9F7F47472988}.Debug|Win32.ActiveCfg = Debug|Win32
		{59553F6E-567A-4C24-8711-9F7F47472988}.Debug|Win32.Build.0 = Debug|Win32
		{59553F6E-567A-4C24-8711-9F7F47472988}.Debug|ARM64.ActiveCfg = Debug|ARM64
		{59553F6E-567A-4C24-8711-9F7F47472988}.Debug|ARM64.Build.0 = Debug|ARM64
		{59553F6E-567A-4C24-8711-9F7F47472988}.ASan|x64.ActiveCfg = ASan|x64
		{59553F6E-567A-4C24-8711-9F7F47472988}.ASan|x64.Build.0 = ASan|x64
		{59553F6E-567A-4C24-8711-9F7F47472988}.ASan|Win32.ActiveCfg = ASan|Win32
		{59553F6E-567A-4C24-8711-9F7F47472988}.ASan|Win32.Build.0 = ASan|Win32
		{59553F6E-567A-4C24-8711-9F7F47472988}.ASan|ARM64.ActiveCfg = ASan|ARM64
		{59553F6E-567A-4C24-8711-9F7F47472988}.ASan|ARM64.Build.0 = ASan|ARM64
	EndGlobalSection
	GlobalSection(SolutionProperties) = preSolution
		HideSolutionNode = FALSE
	EndGlobalSection
	GlobalSection(ExtensibilityGlobals) = postSolution
		SolutionGuid = {55E5A8EA-215E-45C2-9471-AD5CC5A925A0}
	EndGlobalSection
EndGlobal
